// !$*UTF8*$!
{
	archiveVersion = 1;
	classes = {
	};
	objectVersion = 46;
	objects = {

/* Begin PBXBuildFile section */
		26BFEE541E69345E00FC3161 /* main.m in Sources */ = {isa = PBXBuildFile; fileRef = 26BFEE531E69345E00FC3161 /* main.m */; };
		26BFEE571E69345E00FC3161 /* AppDelegate.m in Sources */ = {isa = PBXBuildFile; fileRef = 26BFEE561E69345E00FC3161 /* AppDelegate.m */; };
		26BFEE5A1E69345E00FC3161 /* ViewController.m in Sources */ = {isa = PBXBuildFile; fileRef = 26BFEE591E69345E00FC3161 /* ViewController.m */; };
		26BFEE5D1E69345E00FC3161 /* Main.storyboard in Resources */ = {isa = PBXBuildFile; fileRef = 26BFEE5B1E69345E00FC3161 /* Main.storyboard */; };
		26BFEE5F1E69345E00FC3161 /* Assets.xcassets in Resources */ = {isa = PBXBuildFile; fileRef = 26BFEE5E1E69345E00FC3161 /* Assets.xcassets */; };
		26BFEE621E69345E00FC3161 /* LaunchScreen.storyboard in Resources */ = {isa = PBXBuildFile; fileRef = 26BFEE601E69345E00FC3161 /* LaunchScreen.storyboard */; };
		26BFEE6D1E69345E00FC3161 /* VinDemoTests.m in Sources */ = {isa = PBXBuildFile; fileRef = 26BFEE6C1E69345E00FC3161 /* VinDemoTests.m */; };
		26BFEE781E69345E00FC3161 /* VinDemoUITests.m in Sources */ = {isa = PBXBuildFile; fileRef = 26BFEE771E69345E00FC3161 /* VinDemoUITests.m */; };
		26BFEE9A1E69349300FC3161 /* DHcell.m in Sources */ = {isa = PBXBuildFile; fileRef = 26BFEE881E69349300FC3161 /* DHcell.m */; };
		26BFEE9B1E69349300FC3161 /* DHxlsReader.m in Sources */ = {isa = PBXBuildFile; fileRef = 26BFEE8A1E69349300FC3161 /* DHxlsReader.m */; };
		26BFEE9C1E69349300FC3161 /* endian.c in Sources */ = {isa = PBXBuildFile; fileRef = 26BFEE921E69349300FC3161 /* endian.c */; };
		26BFEE9D1E69349300FC3161 /* ole.c in Sources */ = {isa = PBXBuildFile; fileRef = 26BFEE931E69349300FC3161 /* ole.c */; };
		26BFEE9E1E69349300FC3161 /* xls.c in Sources */ = {isa = PBXBuildFile; fileRef = 26BFEE941E69349300FC3161 /* xls.c */; };
		26BFEE9F1E69349300FC3161 /* xlstool.c in Sources */ = {isa = PBXBuildFile; fileRef = 26BFEE951E69349300FC3161 /* xlstool.c */; };
		26BFEEA21E6934B600FC3161 /* libiconv.tbd in Frameworks */ = {isa = PBXBuildFile; fileRef = 26BFEEA11E6934B600FC3161 /* libiconv.tbd */; };
		26BFEEAD1E693BF600FC3161 /* test.xls in Resources */ = {isa = PBXBuildFile; fileRef = 26BFEEAC1E693BF600FC3161 /* test.xls */; };
		26BFEEB21E693F2F00FC3161 /* ValidationVIN.m in Sources */ = {isa = PBXBuildFile; fileRef = 26BFEEB11E693F2F00FC3161 /* ValidationVIN.m */; };
/* End PBXBuildFile section */

/* Begin PBXContainerItemProxy section */
		26BFEE691E69345E00FC3161 /* PBXContainerItemProxy */ = {
			isa = PBXContainerItemProxy;
			containerPortal = 26BFEE471E69345D00FC3161 /* Project object */;
			proxyType = 1;
			remoteGlobalIDString = 26BFEE4E1E69345E00FC3161;
			remoteInfo = VinDemo;
		};
		26BFEE741E69345E00FC3161 /* PBXContainerItemProxy */ = {
			isa = PBXContainerItemProxy;
			containerPortal = 26BFEE471E69345D00FC3161 /* Project object */;
			proxyType = 1;
			remoteGlobalIDString = 26BFEE4E1E69345E00FC3161;
			remoteInfo = VinDemo;
		};
/* End PBXContainerItemProxy section */

/* Begin PBXFileReference section */
		26BFEE4F1E69345E00FC3161 /* VinDemo.app */ = {isa = PBXFileReference; explicitFileType = wrapper.application; includeInIndex = 0; path = VinDemo.app; sourceTree = BUILT_PRODUCTS_DIR; };
		26BFEE531E69345E00FC3161 /* main.m */ = {isa = PBXFileReference; lastKnownFileType = sourcecode.c.objc; path = main.m; sourceTree = "<group>"; };
		26BFEE551E69345E00FC3161 /* AppDelegate.h */ = {isa = PBXFileReference; lastKnownFileType = sourcecode.c.h; path = AppDelegate.h; sourceTree = "<group>"; };
		26BFEE561E69345E00FC3161 /* AppDelegate.m */ = {isa = PBXFileReference; lastKnownFileType = sourcecode.c.objc; path = AppDelegate.m; sourceTree = "<group>"; };
		26BFEE581E69345E00FC3161 /* ViewController.h */ = {isa = PBXFileReference; lastKnownFileType = sourcecode.c.h; path = ViewController.h; sourceTree = "<group>"; };
		26BFEE591E69345E00FC3161 /* ViewController.m */ = {isa = PBXFileReference; lastKnownFileType = sourcecode.c.objc; path = ViewController.m; sourceTree = "<group>"; };
		26BFEE5C1E69345E00FC3161 /* Base */ = {isa = PBXFileReference; lastKnownFileType = file.storyboard; name = Base; path = Base.lproj/Main.storyboard; sourceTree = "<group>"; };
		26BFEE5E1E69345E00FC3161 /* Assets.xcassets */ = {isa = PBXFileReference; lastKnownFileType = folder.assetcatalog; path = Assets.xcassets; sourceTree = "<group>"; };
		26BFEE611E69345E00FC3161 /* Base */ = {isa = PBXFileReference; lastKnownFileType = file.storyboard; name = Base; path = Base.lproj/LaunchScreen.storyboard; sourceTree = "<group>"; };
		26BFEE631E69345E00FC3161 /* Info.plist */ = {isa = PBXFileReference; lastKnownFileType = text.plist.xml; path = Info.plist; sourceTree = "<group>"; };
		26BFEE681E69345E00FC3161 /* VinDemoTests.xctest */ = {isa = PBXFileReference; explicitFileType = wrapper.cfbundle; includeInIndex = 0; path = VinDemoTests.xctest; sourceTree = BUILT_PRODUCTS_DIR; };
		26BFEE6C1E69345E00FC3161 /* VinDemoTests.m */ = {isa = PBXFileReference; lastKnownFileType = sourcecode.c.objc; path = VinDemoTests.m; sourceTree = "<group>"; };
		26BFEE6E1E69345E00FC3161 /* Info.plist */ = {isa = PBXFileReference; lastKnownFileType = text.plist.xml; path = Info.plist; sourceTree = "<group>"; };
		26BFEE731E69345E00FC3161 /* VinDemoUITests.xctest */ = {isa = PBXFileReference; explicitFileType = wrapper.cfbundle; includeInIndex = 0; path = VinDemoUITests.xctest; sourceTree = BUILT_PRODUCTS_DIR; };
		26BFEE771E69345E00FC3161 /* VinDemoUITests.m */ = {isa = PBXFileReference; lastKnownFileType = sourcecode.c.objc; path = VinDemoUITests.m; sourceTree = "<group>"; };
		26BFEE791E69345E00FC3161 /* Info.plist */ = {isa = PBXFileReference; lastKnownFileType = text.plist.xml; path = Info.plist; sourceTree = "<group>"; };
		26BFEE861E69349300FC3161 /* DHcell-Private.h */ = {isa = PBXFileReference; fileEncoding = 4; lastKnownFileType = sourcecode.c.h; path = "DHcell-Private.h"; sourceTree = "<group>"; };
		26BFEE871E69349300FC3161 /* DHcell.h */ = {isa = PBXFileReference; fileEncoding = 4; lastKnownFileType = sourcecode.c.h; path = DHcell.h; sourceTree = "<group>"; };
		26BFEE881E69349300FC3161 /* DHcell.m */ = {isa = PBXFileReference; fileEncoding = 4; lastKnownFileType = sourcecode.c.objc; path = DHcell.m; sourceTree = "<group>"; };
		26BFEE891E69349300FC3161 /* DHxlsReader.h */ = {isa = PBXFileReference; fileEncoding = 4; lastKnownFileType = sourcecode.c.h; path = DHxlsReader.h; sourceTree = "<group>"; };
		26BFEE8A1E69349300FC3161 /* DHxlsReader.m */ = {isa = PBXFileReference; fileEncoding = 4; lastKnownFileType = sourcecode.c.objc; path = DHxlsReader.m; sourceTree = "<group>"; };
		26BFEE8C1E69349300FC3161 /* brdb.c.h */ = {isa = PBXFileReference; fileEncoding = 4; lastKnownFileType = sourcecode.c.h; path = brdb.c.h; sourceTree = "<group>"; };
		26BFEE8D1E69349300FC3161 /* brdb.h */ = {isa = PBXFileReference; fileEncoding = 4; lastKnownFileType = sourcecode.c.h; path = brdb.h; sourceTree = "<group>"; };
		26BFEE8E1E69349300FC3161 /* config.h */ = {isa = PBXFileReference; fileEncoding = 4; lastKnownFileType = sourcecode.c.h; path = config.h; sourceTree = "<group>"; };
		26BFEE8F1E69349300FC3161 /* endian.h */ = {isa = PBXFileReference; fileEncoding = 4; lastKnownFileType = sourcecode.c.h; path = endian.h; sourceTree = "<group>"; };
		26BFEE901E69349300FC3161 /* ole.h */ = {isa = PBXFileReference; fileEncoding = 4; lastKnownFileType = sourcecode.c.h; path = ole.h; sourceTree = "<group>"; };
		26BFEE921E69349300FC3161 /* endian.c */ = {isa = PBXFileReference; fileEncoding = 4; lastKnownFileType = sourcecode.c.c; path = endian.c; sourceTree = "<group>"; };
		26BFEE931E69349300FC3161 /* ole.c */ = {isa = PBXFileReference; fileEncoding = 4; lastKnownFileType = sourcecode.c.c; path = ole.c; sourceTree = "<group>"; };
		26BFEE941E69349300FC3161 /* xls.c */ = {isa = PBXFileReference; fileEncoding = 4; lastKnownFileType = sourcecode.c.c; path = xls.c; sourceTree = "<group>"; };
		26BFEE951E69349300FC3161 /* xlstool.c */ = {isa = PBXFileReference; fileEncoding = 4; lastKnownFileType = sourcecode.c.c; path = xlstool.c; sourceTree = "<group>"; };
		26BFEE961E69349300FC3161 /* xls.h */ = {isa = PBXFileReference; fileEncoding = 4; lastKnownFileType = sourcecode.c.h; path = xls.h; sourceTree = "<group>"; };
		26BFEE971E69349300FC3161 /* xlsstruct.h */ = {isa = PBXFileReference; fileEncoding = 4; lastKnownFileType = sourcecode.c.h; path = xlsstruct.h; sourceTree = "<group>"; };
		26BFEE981E69349300FC3161 /* xlstool.h */ = {isa = PBXFileReference; fileEncoding = 4; lastKnownFileType = sourcecode.c.h; path = xlstool.h; sourceTree = "<group>"; };
		26BFEE991E69349300FC3161 /* xlstypes.h */ = {isa = PBXFileReference; fileEncoding = 4; lastKnownFileType = sourcecode.c.h; path = xlstypes.h; sourceTree = "<group>"; };
		26BFEEA11E6934B600FC3161 /* libiconv.tbd */ = {isa = PBXFileReference; lastKnownFileType = "sourcecode.text-based-dylib-definition"; name = libiconv.tbd; path = usr/lib/libiconv.tbd; sourceTree = SDKROOT; };
		26BFEEAC1E693BF600FC3161 /* test.xls */ = {isa = PBXFileReference; lastKnownFileType = file; path = test.xls; sourceTree = "<group>"; };
		26BFEEB01E693F2F00FC3161 /* ValidationVIN.h */ = {isa = PBXFileReference; fileEncoding = 4; lastKnownFileType = sourcecode.c.h; path = ValidationVIN.h; sourceTree = "<group>"; };
		26BFEEB11E693F2F00FC3161 /* ValidationVIN.m */ = {isa = PBXFileReference; fileEncoding = 4; lastKnownFileType = sourcecode.c.objc; path = ValidationVIN.m; sourceTree = "<group>"; };
/* End PBXFileReference section */

/* Begin PBXFrameworksBuildPhase section */
		26BFEE4C1E69345E00FC3161 /* Frameworks */ = {
			isa = PBXFrameworksBuildPhase;
			buildActionMask = 2147483647;
			files = (
				26BFEEA21E6934B600FC3161 /* libiconv.tbd in Frameworks */,
			);
			runOnlyForDeploymentPostprocessing = 0;
		};
		26BFEE651E69345E00FC3161 /* Frameworks */ = {
			isa = PBXFrameworksBuildPhase;
			buildActionMask = 2147483647;
			files = (
			);
			runOnlyForDeploymentPostprocessing = 0;
		};
		26BFEE701E69345E00FC3161 /* Frameworks */ = {
			isa = PBXFrameworksBuildPhase;
			buildActionMask = 2147483647;
			files = (
			);
			runOnlyForDeploymentPostprocessing = 0;
		};
/* End PBXFrameworksBuildPhase section */

/* Begin PBXGroup section */
		26BFEE461E69345D00FC3161 = {
			isa = PBXGroup;
			children = (
				26BFEE511E69345E00FC3161 /* VinDemo */,
				26BFEE6B1E69345E00FC3161 /* VinDemoTests */,
				26BFEE761E69345E00FC3161 /* VinDemoUITests */,
				26BFEE501E69345E00FC3161 /* Products */,
				26BFEEA01E6934B600FC3161 /* Frameworks */,
			);
			sourceTree = "<group>";
		};
		26BFEE501E69345E00FC3161 /* Products */ = {
			isa = PBXGroup;
			children = (
				26BFEE4F1E69345E00FC3161 /* VinDemo.app */,
				26BFEE681E69345E00FC3161 /* VinDemoTests.xctest */,
				26BFEE731E69345E00FC3161 /* VinDemoUITests.xctest */,
			);
			name = Products;
			sourceTree = "<group>";
		};
		26BFEE511E69345E00FC3161 /* VinDemo */ = {
			isa = PBXGroup;
			children = (
				26BFEE851E69349300FC3161 /* DHxlsReader */,
				26BFEE8B1E69349300FC3161 /* libxls */,
				26BFEE551E69345E00FC3161 /* AppDelegate.h */,
				26BFEE561E69345E00FC3161 /* AppDelegate.m */,
				26BFEE581E69345E00FC3161 /* ViewController.h */,
				26BFEE591E69345E00FC3161 /* ViewController.m */,
				26BFEEB01E693F2F00FC3161 /* ValidationVIN.h */,
				26BFEEB11E693F2F00FC3161 /* ValidationVIN.m */,
				26BFEE5B1E69345E00FC3161 /* Main.storyboard */,
				26BFEE5E1E69345E00FC3161 /* Assets.xcassets */,
				26BFEE601E69345E00FC3161 /* LaunchScreen.storyboard */,
				26BFEE631E69345E00FC3161 /* Info.plist */,
				26BFEEAC1E693BF600FC3161 /* test.xls */,
				26BFEE521E69345E00FC3161 /* Supporting Files */,
			);
			path = VinDemo;
			sourceTree = "<group>";
		};
		26BFEE521E69345E00FC3161 /* Supporting Files */ = {
			isa = PBXGroup;
			children = (
				26BFEE531E69345E00FC3161 /* main.m */,
			);
			name = "Supporting Files";
			sourceTree = "<group>";
		};
		26BFEE6B1E69345E00FC3161 /* VinDemoTests */ = {
			isa = PBXGroup;
			children = (
				26BFEE6C1E69345E00FC3161 /* VinDemoTests.m */,
				26BFEE6E1E69345E00FC3161 /* Info.plist */,
			);
			path = VinDemoTests;
			sourceTree = "<group>";
		};
		26BFEE761E69345E00FC3161 /* VinDemoUITests */ = {
			isa = PBXGroup;
			children = (
				26BFEE771E69345E00FC3161 /* VinDemoUITests.m */,
				26BFEE791E69345E00FC3161 /* Info.plist */,
			);
			path = VinDemoUITests;
			sourceTree = "<group>";
		};
		26BFEE851E69349300FC3161 /* DHxlsReader */ = {
			isa = PBXGroup;
			children = (
				26BFEE861E69349300FC3161 /* DHcell-Private.h */,
				26BFEE871E69349300FC3161 /* DHcell.h */,
				26BFEE881E69349300FC3161 /* DHcell.m */,
				26BFEE891E69349300FC3161 /* DHxlsReader.h */,
				26BFEE8A1E69349300FC3161 /* DHxlsReader.m */,
			);
			path = DHxlsReader;
			sourceTree = "<group>";
		};
		26BFEE8B1E69349300FC3161 /* libxls */ = {
			isa = PBXGroup;
			children = (
				26BFEE8C1E69349300FC3161 /* brdb.c.h */,
				26BFEE8D1E69349300FC3161 /* brdb.h */,
				26BFEE8E1E69349300FC3161 /* config.h */,
				26BFEE8F1E69349300FC3161 /* endian.h */,
				26BFEE901E69349300FC3161 /* ole.h */,
				26BFEE911E69349300FC3161 /* src */,
				26BFEE961E69349300FC3161 /* xls.h */,
				26BFEE971E69349300FC3161 /* xlsstruct.h */,
				26BFEE981E69349300FC3161 /* xlstool.h */,
				26BFEE991E69349300FC3161 /* xlstypes.h */,
			);
			path = libxls;
			sourceTree = "<group>";
		};
		26BFEE911E69349300FC3161 /* src */ = {
			isa = PBXGroup;
			children = (
				26BFEE921E69349300FC3161 /* endian.c */,
				26BFEE931E69349300FC3161 /* ole.c */,
				26BFEE941E69349300FC3161 /* xls.c */,
				26BFEE951E69349300FC3161 /* xlstool.c */,
			);
			path = src;
			sourceTree = "<group>";
		};
		26BFEEA01E6934B600FC3161 /* Frameworks */ = {
			isa = PBXGroup;
			children = (
				26BFEEA11E6934B600FC3161 /* libiconv.tbd */,
			);
			name = Frameworks;
			sourceTree = "<group>";
		};
/* End PBXGroup section */

/* Begin PBXNativeTarget section */
		26BFEE4E1E69345E00FC3161 /* VinDemo */ = {
			isa = PBXNativeTarget;
			buildConfigurationList = 26BFEE7C1E69345E00FC3161 /* Build configuration list for PBXNativeTarget "VinDemo" */;
			buildPhases = (
				26BFEE4B1E69345E00FC3161 /* Sources */,
				26BFEE4C1E69345E00FC3161 /* Frameworks */,
				26BFEE4D1E69345E00FC3161 /* Resources */,
			);
			buildRules = (
			);
			dependencies = (
			);
			name = VinDemo;
			productName = VinDemo;
			productReference = 26BFEE4F1E69345E00FC3161 /* VinDemo.app */;
			productType = "com.apple.product-type.application";
		};
		26BFEE671E69345E00FC3161 /* VinDemoTests */ = {
			isa = PBXNativeTarget;
			buildConfigurationList = 26BFEE7F1E69345E00FC3161 /* Build configuration list for PBXNativeTarget "VinDemoTests" */;
			buildPhases = (
				26BFEE641E69345E00FC3161 /* Sources */,
				26BFEE651E69345E00FC3161 /* Frameworks */,
				26BFEE661E69345E00FC3161 /* Resources */,
			);
			buildRules = (
			);
			dependencies = (
				26BFEE6A1E69345E00FC3161 /* PBXTargetDependency */,
			);
			name = VinDemoTests;
			productName = VinDemoTests;
			productReference = 26BFEE681E69345E00FC3161 /* VinDemoTests.xctest */;
			productType = "com.apple.product-type.bundle.unit-test";
		};
		26BFEE721E69345E00FC3161 /* VinDemoUITests */ = {
			isa = PBXNativeTarget;
			buildConfigurationList = 26BFEE821E69345E00FC3161 /* Build configuration list for PBXNativeTarget "VinDemoUITests" */;
			buildPhases = (
				26BFEE6F1E69345E00FC3161 /* Sources */,
				26BFEE701E69345E00FC3161 /* Frameworks */,
				26BFEE711E69345E00FC3161 /* Resources */,
			);
			buildRules = (
			);
			dependencies = (
				26BFEE751E69345E00FC3161 /* PBXTargetDependency */,
			);
			name = VinDemoUITests;
			productName = VinDemoUITests;
			productReference = 26BFEE731E69345E00FC3161 /* VinDemoUITests.xctest */;
			productType = "com.apple.product-type.bundle.ui-testing";
		};
/* End PBXNativeTarget section */

/* Begin PBXProject section */
		26BFEE471E69345D00FC3161 /* Project object */ = {
			isa = PBXProject;
			attributes = {
				LastUpgradeCheck = 0820;
				ORGANIZATIONNAME = lanht;
				TargetAttributes = {
					26BFEE4E1E69345E00FC3161 = {
						CreatedOnToolsVersion = 8.2.1;
						ProvisioningStyle = Automatic;
					};
					26BFEE671E69345E00FC3161 = {
						CreatedOnToolsVersion = 8.2.1;
						ProvisioningStyle = Automatic;
						TestTargetID = 26BFEE4E1E69345E00FC3161;
					};
					26BFEE721E69345E00FC3161 = {
						CreatedOnToolsVersion = 8.2.1;
						ProvisioningStyle = Automatic;
						TestTargetID = 26BFEE4E1E69345E00FC3161;
					};
				};
			};
			buildConfigurationList = 26BFEE4A1E69345D00FC3161 /* Build configuration list for PBXProject "VinDemo" */;
			compatibilityVersion = "Xcode 3.2";
			developmentRegion = English;
			hasScannedForEncodings = 0;
			knownRegions = (
				en,
				Base,
			);
			mainGroup = 26BFEE461E69345D00FC3161;
			productRefGroup = 26BFEE501E69345E00FC3161 /* Products */;
			projectDirPath = "";
			projectRoot = "";
			targets = (
				26BFEE4E1E69345E00FC3161 /* VinDemo */,
				26BFEE671E69345E00FC3161 /* VinDemoTests */,
				26BFEE721E69345E00FC3161 /* VinDemoUITests */,
			);
		};
/* End PBXProject section */

/* Begin PBXResourcesBuildPhase section */
		26BFEE4D1E69345E00FC3161 /* Resources */ = {
			isa = PBXResourcesBuildPhase;
			buildActionMask = 2147483647;
			files = (
				26BFEE621E69345E00FC3161 /* LaunchScreen.storyboard in Resources */,
				26BFEEAD1E693BF600FC3161 /* test.xls in Resources */,
				26BFEE5F1E69345E00FC3161 /* Assets.xcassets in Resources */,
				26BFEE5D1E69345E00FC3161 /* Main.storyboard in Resources */,
			);
			runOnlyForDeploymentPostprocessing = 0;
		};
		26BFEE661E69345E00FC3161 /* Resources */ = {
			isa = PBXResourcesBuildPhase;
			buildActionMask = 2147483647;
			files = (
			);
			runOnlyForDeploymentPostprocessing = 0;
		};
		26BFEE711E69345E00FC3161 /* Resources */ = {
			isa = PBXResourcesBuildPhase;
			buildActionMask = 2147483647;
			files = (
			);
			runOnlyForDeploymentPostprocessing = 0;
		};
/* End PBXResourcesBuildPhase section */

/* Begin PBXSourcesBuildPhase section */
		26BFEE4B1E69345E00FC3161 /* Sources */ = {
			isa = PBXSourcesBuildPhase;
			buildActionMask = 2147483647;
			files = (
				26BFEE5A1E69345E00FC3161 /* ViewController.m in Sources */,
				26BFEE571E69345E00FC3161 /* AppDelegate.m in Sources */,
				26BFEE9F1E69349300FC3161 /* xlstool.c in Sources */,
				26BFEE9D1E69349300FC3161 /* ole.c in Sources */,
				26BFEEB21E693F2F00FC3161 /* ValidationVIN.m in Sources */,
				26BFEE541E69345E00FC3161 /* main.m in Sources */,
				26BFEE9B1E69349300FC3161 /* DHxlsReader.m in Sources */,
				26BFEE9E1E69349300FC3161 /* xls.c in Sources */,
				26BFEE9C1E69349300FC3161 /* endian.c in Sources */,
				26BFEE9A1E69349300FC3161 /* DHcell.m in Sources */,
			);
			runOnlyForDeploymentPostprocessing = 0;
		};
		26BFEE641E69345E00FC3161 /* Sources */ = {
			isa = PBXSourcesBuildPhase;
			buildActionMask = 2147483647;
			files = (
				26BFEE6D1E69345E00FC3161 /* VinDemoTests.m in Sources */,
			);
			runOnlyForDeploymentPostprocessing = 0;
		};
		26BFEE6F1E69345E00FC3161 /* Sources */ = {
			isa = PBXSourcesBuildPhase;
			buildActionMask = 2147483647;
			files = (
				26BFEE781E69345E00FC3161 /* VinDemoUITests.m in Sources */,
			);
			runOnlyForDeploymentPostprocessing = 0;
		};
/* End PBXSourcesBuildPhase section */

/* Begin PBXTargetDependency section */
		26BFEE6A1E69345E00FC3161 /* PBXTargetDependency */ = {
			isa = PBXTargetDependency;
			target = 26BFEE4E1E69345E00FC3161 /* VinDemo */;
			targetProxy = 26BFEE691E69345E00FC3161 /* PBXContainerItemProxy */;
		};
		26BFEE751E69345E00FC3161 /* PBXTargetDependency */ = {
			isa = PBXTargetDependency;
			target = 26BFEE4E1E69345E00FC3161 /* VinDemo */;
			targetProxy = 26BFEE741E69345E00FC3161 /* PBXContainerItemProxy */;
		};
/* End PBXTargetDependency section */

/* Begin PBXVariantGroup section */
		26BFEE5B1E69345E00FC3161 /* Main.storyboard */ = {
			isa = PBXVariantGroup;
			children = (
				26BFEE5C1E69345E00FC3161 /* Base */,
			);
			name = Main.storyboard;
			sourceTree = "<group>";
		};
		26BFEE601E69345E00FC3161 /* LaunchScreen.storyboard */ = {
			isa = PBXVariantGroup;
			children = (
				26BFEE611E69345E00FC3161 /* Base */,
			);
			name = LaunchScreen.storyboard;
			sourceTree = "<group>";
		};
/* End PBXVariantGroup section */

/* Begin XCBuildConfiguration section */
		26BFEE7A1E69345E00FC3161 /* Debug */ = {
			isa = XCBuildConfiguration;
			buildSettings = {
				ALWAYS_SEARCH_USER_PATHS = NO;
				CLANG_ANALYZER_NONNULL = YES;
				CLANG_CXX_LANGUAGE_STANDARD = "gnu++0x";
				CLANG_CXX_LIBRARY = "libc++";
				CLANG_ENABLE_MODULES = YES;
				CLANG_ENABLE_OBJC_ARC = YES;
				CLANG_WARN_BOOL_CONVERSION = YES;
				CLANG_WARN_CONSTANT_CONVERSION = YES;
				CLANG_WARN_DIRECT_OBJC_ISA_USAGE = YES_ERROR;
				CLANG_WARN_DOCUMENTATION_COMMENTS = YES;
				CLANG_WARN_EMPTY_BODY = YES;
				CLANG_WARN_ENUM_CONVERSION = YES;
				CLANG_WARN_INFINITE_RECURSION = YES;
				CLANG_WARN_INT_CONVERSION = YES;
				CLANG_WARN_OBJC_ROOT_CLASS = YES_ERROR;
				CLANG_WARN_SUSPICIOUS_MOVE = YES;
				CLANG_WARN_UNREACHABLE_CODE = YES;
				CLANG_WARN__DUPLICATE_METHOD_MATCH = YES;
				"CODE_SIGN_IDENTITY[sdk=iphoneos*]" = "iPhone Developer";
				COPY_PHASE_STRIP = NO;
				DEBUG_INFORMATION_FORMAT = dwarf;
				ENABLE_STRICT_OBJC_MSGSEND = YES;
				ENABLE_TESTABILITY = YES;
				GCC_C_LANGUAGE_STANDARD = gnu99;
				GCC_DYNAMIC_NO_PIC = NO;
				GCC_NO_COMMON_BLOCKS = YES;
				GCC_OPTIMIZATION_LEVEL = 0;
				GCC_PREPROCESSOR_DEFINITIONS = (
					"DEBUG=1",
					"$(inherited)",
				);
				GCC_WARN_64_TO_32_BIT_CONVERSION = YES;
				GCC_WARN_ABOUT_RETURN_TYPE = YES_ERROR;
				GCC_WARN_UNDECLARED_SELECTOR = YES;
				GCC_WARN_UNINITIALIZED_AUTOS = YES_AGGRESSIVE;
				GCC_WARN_UNUSED_FUNCTION = YES;
				GCC_WARN_UNUSED_VARIABLE = YES;
				IPHONEOS_DEPLOYMENT_TARGET = 10.2;
				MTL_ENABLE_DEBUG_INFO = YES;
				ONLY_ACTIVE_ARCH = YES;
				SDKROOT = iphoneos;
			};
			name = Debug;
		};
		26BFEE7B1E69345E00FC3161 /* Release */ = {
			isa = XCBuildConfiguration;
			buildSettings = {
				ALWAYS_SEARCH_USER_PATHS = NO;
				CLANG_ANALYZER_NONNULL = YES;
				CLANG_CXX_LANGUAGE_STANDARD = "gnu++0x";
				CLANG_CXX_LIBRARY = "libc++";
				CLANG_ENABLE_MODULES = YES;
				CLANG_ENABLE_OBJC_ARC = YES;
				CLANG_WARN_BOOL_CONVERSION = YES;
				CLANG_WARN_CONSTANT_CONVERSION = YES;
				CLANG_WARN_DIRECT_OBJC_ISA_USAGE = YES_ERROR;
				CLANG_WARN_DOCUMENTATION_COMMENTS = YES;
				CLANG_WARN_EMPTY_BODY = YES;
				CLANG_WARN_ENUM_CONVERSION = YES;
				CLANG_WARN_INFINITE_RECURSION = YES;
				CLANG_WARN_INT_CONVERSION = YES;
				CLANG_WARN_OBJC_ROOT_CLASS = YES_ERROR;
				CLANG_WARN_SUSPICIOUS_MOVE = YES;
				CLANG_WARN_UNREACHABLE_CODE = YES;
				CLANG_WARN__DUPLICATE_METHOD_MATCH = YES;
				"CODE_SIGN_IDENTITY[sdk=iphoneos*]" = "iPhone Developer";
				COPY_PHASE_STRIP = NO;
				DEBUG_INFORMATION_FORMAT = "dwarf-with-dsym";
				ENABLE_NS_ASSERTIONS = NO;
				ENABLE_STRICT_OBJC_MSGSEND = YES;
				GCC_C_LANGUAGE_STANDARD = gnu99;
				GCC_NO_COMMON_BLOCKS = YES;
				GCC_WARN_64_TO_32_BIT_CONVERSION = YES;
				GCC_WARN_ABOUT_RETURN_TYPE = YES_ERROR;
				GCC_WARN_UNDECLARED_SELECTOR = YES;
				GCC_WARN_UNINITIALIZED_AUTOS = YES_AGGRESSIVE;
				GCC_WARN_UNUSED_FUNCTION = YES;
				GCC_WARN_UNUSED_VARIABLE = YES;
				IPHONEOS_DEPLOYMENT_TARGET = 10.2;
				MTL_ENABLE_DEBUG_INFO = NO;
				SDKROOT = iphoneos;
				VALIDATE_PRODUCT = YES;
			};
			name = Release;
		};
		26BFEE7D1E69345E00FC3161 /* Debug */ = {
			isa = XCBuildConfiguration;
			buildSettings = {
				ASSETCATALOG_COMPILER_APPICON_NAME = AppIcon;
				INFOPLIST_FILE = VinDemo/Info.plist;
				LD_RUNPATH_SEARCH_PATHS = "$(inherited) @executable_path/Frameworks";
				PRODUCT_BUNDLE_IDENTIFIER = lanht.VinDemo;
				PRODUCT_NAME = "$(TARGET_NAME)";
			};
			name = Debug;
		};
		26BFEE7E1E69345E00FC3161 /* Release */ = {
			isa = XCBuildConfiguration;
			buildSettings = {
				ASSETCATALOG_COMPILER_APPICON_NAME = AppIcon;
				INFOPLIST_FILE = VinDemo/Info.plist;
				LD_RUNPATH_SEARCH_PATHS = "$(inherited) @executable_path/Frameworks";
				PRODUCT_BUNDLE_IDENTIFIER = lanht.VinDemo;
				PRODUCT_NAME = "$(TARGET_NAME)";
			};
			name = Release;
		};
		26BFEE801E69345E00FC3161 /* Debug */ = {
			isa = XCBuildConfiguration;
			buildSettings = {
				BUNDLE_LOADER = "$(TEST_HOST)";
				INFOPLIST_FILE = VinDemoTests/Info.plist;
				LD_RUNPATH_SEARCH_PATHS = "$(inherited) @executable_path/Frameworks @loader_path/Frameworks";
				PRODUCT_BUNDLE_IDENTIFIER = lanht.VinDemoTests;
				PRODUCT_NAME = "$(TARGET_NAME)";
				TEST_HOST = "$(BUILT_PRODUCTS_DIR)/VinDemo.app/VinDemo";
			};
			name = Debug;
		};
		26BFEE811E69345E00FC3161 /* Release */ = {
			isa = XCBuildConfiguration;
			buildSettings = {
				BUNDLE_LOADER = "$(TEST_HOST)";
				INFOPLIST_FILE = VinDemoTests/Info.plist;
				LD_RUNPATH_SEARCH_PATHS = "$(inherited) @executable_path/Frameworks @loader_path/Frameworks";
				PRODUCT_BUNDLE_IDENTIFIER = lanht.VinDemoTests;
				PRODUCT_NAME = "$(TARGET_NAME)";
				TEST_HOST = "$(BUILT_PRODUCTS_DIR)/VinDemo.app/VinDemo";
			};
			name = Release;
		};
		26BFEE831E69345E00FC3161 /* Debug */ = {
			isa = XCBuildConfiguration;
			buildSettings = {
				INFOPLIST_FILE = VinDemoUITests/Info.plist;
				LD_RUNPATH_SEARCH_PATHS = "$(inherited) @executable_path/Frameworks @loader_path/Frameworks";
				PRODUCT_BUNDLE_IDENTIFIER = lanht.VinDemoUITests;
				PRODUCT_NAME = "$(TARGET_NAME)";
				TEST_TARGET_NAME = VinDemo;
			};
			name = Debug;
		};
		26BFEE841E69345E00FC3161 /* Release */ = {
			isa = XCBuildConfiguration;
			buildSettings = {
				INFOPLIST_FILE = VinDemoUITests/Info.plist;
				LD_RUNPATH_SEARCH_PATHS = "$(inherited) @executable_path/Frameworks @loader_path/Frameworks";
				PRODUCT_BUNDLE_IDENTIFIER = lanht.VinDemoUITests;
				PRODUCT_NAME = "$(TARGET_NAME)";
				TEST_TARGET_NAME = VinDemo;
			};
			name = Release;
		};
/* End XCBuildConfiguration section */

/* Begin XCConfigurationList section */
		26BFEE4A1E69345D00FC3161 /* Build configuration list for PBXProject "VinDemo" */ = {
			isa = XCConfigurationList;
			buildConfigurations = (
				26BFEE7A1E69345E00FC3161 /* Debug */,
				26BFEE7B1E69345E00FC3161 /* Release */,
			);
			defaultConfigurationIsVisible = 0;
			defaultConfigurationName = Release;
		};
		26BFEE7C1E69345E00FC3161 /* Build configuration list for PBXNativeTarget "VinDemo" */ = {
			isa = XCConfigurationList;
			buildConfigurations = (
				26BFEE7D1E69345E00FC3161 /* Debug */,
				26BFEE7E1E69345E00FC3161 /* Release */,
			);
			defaultConfigurationIsVisible = 0;
		};
		26BFEE7F1E69345E00FC3161 /* Build configuration list for PBXNativeTarget "VinDemoTests" */ = {
			isa = XCConfigurationList;
			buildConfigurations = (
				26BFEE801E69345E00FC3161 /* Debug */,
				26BFEE811E69345E00FC3161 /* Release */,
			);
			defaultConfigurationIsVisible = 0;
		};
		26BFEE821E69345E00FC3161 /* Build configuration list for PBXNativeTarget "VinDemoUITests" */ = {
			isa = XCConfigurationList;
			buildConfigurations = (
				26BFEE831E69345E00FC3161 /* Debug */,
				26BFEE841E69345E00FC3161 /* Release */,
			);
			defaultConfigurationIsVisible = 0;
		};
/* End XCConfigurationList section */
	};
	rootObject = 26BFEE471E69345D00FC3161 /* Project object */;
}
