// !$*UTF8*$!
{
	archiveVersion = 1;
	classes = {
	};
	objectVersion = 46;
	objects = {

/* Begin PBXBuildFile section */
		96813D001C902D4100F3ED5C /* main.m in Sources */ = {isa = PBXBuildFile; fileRef = 96813CFF1C902D4100F3ED5C /* main.m */; };
		96813D031C902D4100F3ED5C /* AppDelegate.m in Sources */ = {isa = PBXBuildFile; fileRef = 96813D021C902D4100F3ED5C /* AppDelegate.m */; };
		96813D061C902D4100F3ED5C /* ViewController.m in Sources */ = {isa = PBXBuildFile; fileRef = 96813D051C902D4100F3ED5C /* ViewController.m */; };
		96813D091C902D4100F3ED5C /* Main.storyboard in Resources */ = {isa = PBXBuildFile; fileRef = 96813D071C902D4100F3ED5C /* Main.storyboard */; };
		96813D0B1C902D4100F3ED5C /* Assets.xcassets in Resources */ = {isa = PBXBuildFile; fileRef = 96813D0A1C902D4100F3ED5C /* Assets.xcassets */; };
		96813D0E1C902D4100F3ED5C /* LaunchScreen.storyboard in Resources */ = {isa = PBXBuildFile; fileRef = 96813D0C1C902D4100F3ED5C /* LaunchScreen.storyboard */; };
		96813D191C902D4100F3ED5C /* Read_xlsFileTests.m in Sources */ = {isa = PBXBuildFile; fileRef = 96813D181C902D4100F3ED5C /* Read_xlsFileTests.m */; };
		96813D241C902D4100F3ED5C /* Read_xlsFileUITests.m in Sources */ = {isa = PBXBuildFile; fileRef = 96813D231C902D4100F3ED5C /* Read_xlsFileUITests.m */; };
		96813DAE1C902D8600F3ED5C /* libiconv.tbd in Frameworks */ = {isa = PBXBuildFile; fileRef = 96813DAD1C902D8600F3ED5C /* libiconv.tbd */; };
		96813DC71C9030F100F3ED5C /* DHcell.m in Sources */ = {isa = PBXBuildFile; fileRef = 96813DB51C9030F100F3ED5C /* DHcell.m */; };
		96813DC81C9030F100F3ED5C /* DHxlsReader.m in Sources */ = {isa = PBXBuildFile; fileRef = 96813DB71C9030F100F3ED5C /* DHxlsReader.m */; };
		96813DC91C9030F100F3ED5C /* endian.c in Sources */ = {isa = PBXBuildFile; fileRef = 96813DBF1C9030F100F3ED5C /* endian.c */; };
		96813DCA1C9030F100F3ED5C /* ole.c in Sources */ = {isa = PBXBuildFile; fileRef = 96813DC01C9030F100F3ED5C /* ole.c */; };
		96813DCB1C9030F100F3ED5C /* xls.c in Sources */ = {isa = PBXBuildFile; fileRef = 96813DC11C9030F100F3ED5C /* xls.c */; };
		96813DCC1C9030F100F3ED5C /* xlstool.c in Sources */ = {isa = PBXBuildFile; fileRef = 96813DC21C9030F100F3ED5C /* xlstool.c */; };
		96813DCE1C90315800F3ED5C /* test.xls in Resources */ = {isa = PBXBuildFile; fileRef = 96813DCD1C90315700F3ED5C /* test.xls */; };
/* End PBXBuildFile section */

/* Begin PBXContainerItemProxy section */
		96813D151C902D4100F3ED5C /* PBXContainerItemProxy */ = {
			isa = PBXContainerItemProxy;
			containerPortal = 96813CF31C902D4100F3ED5C /* Project object */;
			proxyType = 1;
			remoteGlobalIDString = 96813CFA1C902D4100F3ED5C;
			remoteInfo = Read.xlsFile;
		};
		96813D201C902D4100F3ED5C /* PBXContainerItemProxy */ = {
			isa = PBXContainerItemProxy;
			containerPortal = 96813CF31C902D4100F3ED5C /* Project object */;
			proxyType = 1;
			remoteGlobalIDString = 96813CFA1C902D4100F3ED5C;
			remoteInfo = Read.xlsFile;
		};
/* End PBXContainerItemProxy section */

/* Begin PBXFileReference section */
		96813CFB1C902D4100F3ED5C /* Read.xlsFile.app */ = {isa = PBXFileReference; explicitFileType = wrapper.application; includeInIndex = 0; path = Read.xlsFile.app; sourceTree = BUILT_PRODUCTS_DIR; };
		96813CFF1C902D4100F3ED5C /* main.m */ = {isa = PBXFileReference; lastKnownFileType = sourcecode.c.objc; path = main.m; sourceTree = "<group>"; };
		96813D011C902D4100F3ED5C /* AppDelegate.h */ = {isa = PBXFileReference; lastKnownFileType = sourcecode.c.h; path = AppDelegate.h; sourceTree = "<group>"; };
		96813D021C902D4100F3ED5C /* AppDelegate.m */ = {isa = PBXFileReference; lastKnownFileType = sourcecode.c.objc; path = AppDelegate.m; sourceTree = "<group>"; };
		96813D041C902D4100F3ED5C /* ViewController.h */ = {isa = PBXFileReference; lastKnownFileType = sourcecode.c.h; path = ViewController.h; sourceTree = "<group>"; };
		96813D051C902D4100F3ED5C /* ViewController.m */ = {isa = PBXFileReference; lastKnownFileType = sourcecode.c.objc; path = ViewController.m; sourceTree = "<group>"; };
		96813D081C902D4100F3ED5C /* Base */ = {isa = PBXFileReference; lastKnownFileType = file.storyboard; name = Base; path = Base.lproj/Main.storyboard; sourceTree = "<group>"; };
		96813D0A1C902D4100F3ED5C /* Assets.xcassets */ = {isa = PBXFileReference; lastKnownFileType = folder.assetcatalog; path = Assets.xcassets; sourceTree = "<group>"; };
		96813D0D1C902D4100F3ED5C /* Base */ = {isa = PBXFileReference; lastKnownFileType = file.storyboard; name = Base; path = Base.lproj/LaunchScreen.storyboard; sourceTree = "<group>"; };
		96813D0F1C902D4100F3ED5C /* Info.plist */ = {isa = PBXFileReference; lastKnownFileType = text.plist.xml; path = Info.plist; sourceTree = "<group>"; };
		96813D141C902D4100F3ED5C /* Read.xlsFileTests.xctest */ = {isa = PBXFileReference; explicitFileType = wrapper.cfbundle; includeInIndex = 0; path = Read.xlsFileTests.xctest; sourceTree = BUILT_PRODUCTS_DIR; };
		96813D181C902D4100F3ED5C /* Read_xlsFileTests.m */ = {isa = PBXFileReference; lastKnownFileType = sourcecode.c.objc; path = Read_xlsFileTests.m; sourceTree = "<group>"; };
		96813D1A1C902D4100F3ED5C /* Info.plist */ = {isa = PBXFileReference; lastKnownFileType = text.plist.xml; path = Info.plist; sourceTree = "<group>"; };
		96813D1F1C902D4100F3ED5C /* Read.xlsFileUITests.xctest */ = {isa = PBXFileReference; explicitFileType = wrapper.cfbundle; includeInIndex = 0; path = Read.xlsFileUITests.xctest; sourceTree = BUILT_PRODUCTS_DIR; };
		96813D231C902D4100F3ED5C /* Read_xlsFileUITests.m */ = {isa = PBXFileReference; lastKnownFileType = sourcecode.c.objc; path = Read_xlsFileUITests.m; sourceTree = "<group>"; };
		96813D251C902D4100F3ED5C /* Info.plist */ = {isa = PBXFileReference; lastKnownFileType = text.plist.xml; path = Info.plist; sourceTree = "<group>"; };
		96813DAD1C902D8600F3ED5C /* libiconv.tbd */ = {isa = PBXFileReference; lastKnownFileType = "sourcecode.text-based-dylib-definition"; name = libiconv.tbd; path = usr/lib/libiconv.tbd; sourceTree = SDKROOT; };
		96813DB31C9030F100F3ED5C /* DHcell-Private.h */ = {isa = PBXFileReference; fileEncoding = 4; lastKnownFileType = sourcecode.c.h; path = "DHcell-Private.h"; sourceTree = "<group>"; };
		96813DB41C9030F100F3ED5C /* DHcell.h */ = {isa = PBXFileReference; fileEncoding = 4; lastKnownFileType = sourcecode.c.h; path = DHcell.h; sourceTree = "<group>"; };
		96813DB51C9030F100F3ED5C /* DHcell.m */ = {isa = PBXFileReference; fileEncoding = 4; lastKnownFileType = sourcecode.c.objc; path = DHcell.m; sourceTree = "<group>"; };
		96813DB61C9030F100F3ED5C /* DHxlsReader.h */ = {isa = PBXFileReference; fileEncoding = 4; lastKnownFileType = sourcecode.c.h; path = DHxlsReader.h; sourceTree = "<group>"; };
		96813DB71C9030F100F3ED5C /* DHxlsReader.m */ = {isa = PBXFileReference; fileEncoding = 4; lastKnownFileType = sourcecode.c.objc; path = DHxlsReader.m; sourceTree = "<group>"; };
		96813DB91C9030F100F3ED5C /* brdb.c.h */ = {isa = PBXFileReference; fileEncoding = 4; lastKnownFileType = sourcecode.c.h; path = brdb.c.h; sourceTree = "<group>"; };
		96813DBA1C9030F100F3ED5C /* brdb.h */ = {isa = PBXFileReference; fileEncoding = 4; lastKnownFileType = sourcecode.c.h; path = brdb.h; sourceTree = "<group>"; };
		96813DBB1C9030F100F3ED5C /* config.h */ = {isa = PBXFileReference; fileEncoding = 4; lastKnownFileType = sourcecode.c.h; path = config.h; sourceTree = "<group>"; };
		96813DBC1C9030F100F3ED5C /* endian.h */ = {isa = PBXFileReference; fileEncoding = 4; lastKnownFileType = sourcecode.c.h; path = endian.h; sourceTree = "<group>"; };
		96813DBD1C9030F100F3ED5C /* ole.h */ = {isa = PBXFileReference; fileEncoding = 4; lastKnownFileType = sourcecode.c.h; path = ole.h; sourceTree = "<group>"; };
		96813DBF1C9030F100F3ED5C /* endian.c */ = {isa = PBXFileReference; fileEncoding = 4; lastKnownFileType = sourcecode.c.c; path = endian.c; sourceTree = "<group>"; };
		96813DC01C9030F100F3ED5C /* ole.c */ = {isa = PBXFileReference; fileEncoding = 4; lastKnownFileType = sourcecode.c.c; path = ole.c; sourceTree = "<group>"; };
		96813DC11C9030F100F3ED5C /* xls.c */ = {isa = PBXFileReference; fileEncoding = 4; lastKnownFileType = sourcecode.c.c; path = xls.c; sourceTree = "<group>"; };
		96813DC21C9030F100F3ED5C /* xlstool.c */ = {isa = PBXFileReference; fileEncoding = 4; lastKnownFileType = sourcecode.c.c; path = xlstool.c; sourceTree = "<group>"; };
		96813DC31C9030F100F3ED5C /* xls.h */ = {isa = PBXFileReference; fileEncoding = 4; lastKnownFileType = sourcecode.c.h; path = xls.h; sourceTree = "<group>"; };
		96813DC41C9030F100F3ED5C /* xlsstruct.h */ = {isa = PBXFileReference; fileEncoding = 4; lastKnownFileType = sourcecode.c.h; path = xlsstruct.h; sourceTree = "<group>"; };
		96813DC51C9030F100F3ED5C /* xlstool.h */ = {isa = PBXFileReference; fileEncoding = 4; lastKnownFileType = sourcecode.c.h; path = xlstool.h; sourceTree = "<group>"; };
		96813DC61C9030F100F3ED5C /* xlstypes.h */ = {isa = PBXFileReference; fileEncoding = 4; lastKnownFileType = sourcecode.c.h; path = xlstypes.h; sourceTree = "<group>"; };
		96813DCD1C90315700F3ED5C /* test.xls */ = {isa = PBXFileReference; lastKnownFileType = file; path = test.xls; sourceTree = "<group>"; };
/* End PBXFileReference section */

/* Begin PBXFrameworksBuildPhase section */
		96813CF81C902D4100F3ED5C /* Frameworks */ = {
			isa = PBXFrameworksBuildPhase;
			buildActionMask = 2147483647;
			files = (
				96813DAE1C902D8600F3ED5C /* libiconv.tbd in Frameworks */,
			);
			runOnlyForDeploymentPostprocessing = 0;
		};
		96813D111C902D4100F3ED5C /* Frameworks */ = {
			isa = PBXFrameworksBuildPhase;
			buildActionMask = 2147483647;
			files = (
			);
			runOnlyForDeploymentPostprocessing = 0;
		};
		96813D1C1C902D4100F3ED5C /* Frameworks */ = {
			isa = PBXFrameworksBuildPhase;
			buildActionMask = 2147483647;
			files = (
			);
			runOnlyForDeploymentPostprocessing = 0;
		};
/* End PBXFrameworksBuildPhase section */

/* Begin PBXGroup section */
		96813CF21C902D4100F3ED5C = {
			isa = PBXGroup;
			children = (
				96813DAD1C902D8600F3ED5C /* libiconv.tbd */,
				96813CFD1C902D4100F3ED5C /* Read.xlsFile */,
				96813D171C902D4100F3ED5C /* Read.xlsFileTests */,
				96813D221C902D4100F3ED5C /* Read.xlsFileUITests */,
				96813CFC1C902D4100F3ED5C /* Products */,
			);
			sourceTree = "<group>";
		};
		96813CFC1C902D4100F3ED5C /* Products */ = {
			isa = PBXGroup;
			children = (
				96813CFB1C902D4100F3ED5C /* Read.xlsFile.app */,
				96813D141C902D4100F3ED5C /* Read.xlsFileTests.xctest */,
				96813D1F1C902D4100F3ED5C /* Read.xlsFileUITests.xctest */,
			);
			name = Products;
			sourceTree = "<group>";
		};
		96813CFD1C902D4100F3ED5C /* Read.xlsFile */ = {
			isa = PBXGroup;
			children = (
				96813DB21C9030F100F3ED5C /* DHxlsReader */,
				96813DB81C9030F100F3ED5C /* libxls */,
				96813D011C902D4100F3ED5C /* AppDelegate.h */,
				96813D021C902D4100F3ED5C /* AppDelegate.m */,
				96813D041C902D4100F3ED5C /* ViewController.h */,
				96813D051C902D4100F3ED5C /* ViewController.m */,
				96813D071C902D4100F3ED5C /* Main.storyboard */,
				96813D0A1C902D4100F3ED5C /* Assets.xcassets */,
				96813D0C1C902D4100F3ED5C /* LaunchScreen.storyboard */,
				96813DCD1C90315700F3ED5C /* test.xls */,
				96813D0F1C902D4100F3ED5C /* Info.plist */,
				96813CFE1C902D4100F3ED5C /* Supporting Files */,
			);
			path = Read.xlsFile;
			sourceTree = "<group>";
		};
		96813CFE1C902D4100F3ED5C /* Supporting Files */ = {
			isa = PBXGroup;
			children = (
				96813CFF1C902D4100F3ED5C /* main.m */,
			);
			name = "Supporting Files";
			sourceTree = "<group>";
		};
		96813D171C902D4100F3ED5C /* Read.xlsFileTests */ = {
			isa = PBXGroup;
			children = (
				96813D181C902D4100F3ED5C /* Read_xlsFileTests.m */,
				96813D1A1C902D4100F3ED5C /* Info.plist */,
			);
			path = Read.xlsFileTests;
			sourceTree = "<group>";
		};
		96813D221C902D4100F3ED5C /* Read.xlsFileUITests */ = {
			isa = PBXGroup;
			children = (
				96813D231C902D4100F3ED5C /* Read_xlsFileUITests.m */,
				96813D251C902D4100F3ED5C /* Info.plist */,
			);
			path = Read.xlsFileUITests;
			sourceTree = "<group>";
		};
		96813DB21C9030F100F3ED5C /* DHxlsReader */ = {
			isa = PBXGroup;
			children = (
				96813DB31C9030F100F3ED5C /* DHcell-Private.h */,
				96813DB41C9030F100F3ED5C /* DHcell.h */,
				96813DB51C9030F100F3ED5C /* DHcell.m */,
				96813DB61C9030F100F3ED5C /* DHxlsReader.h */,
				96813DB71C9030F100F3ED5C /* DHxlsReader.m */,
			);
			path = DHxlsReader;
			sourceTree = "<group>";
		};
		96813DB81C9030F100F3ED5C /* libxls */ = {
			isa = PBXGroup;
			children = (
				96813DB91C9030F100F3ED5C /* brdb.c.h */,
				96813DBA1C9030F100F3ED5C /* brdb.h */,
				96813DBB1C9030F100F3ED5C /* config.h */,
				96813DBC1C9030F100F3ED5C /* endian.h */,
				96813DBD1C9030F100F3ED5C /* ole.h */,
				96813DBE1C9030F100F3ED5C /* src */,
				96813DC31C9030F100F3ED5C /* xls.h */,
				96813DC41C9030F100F3ED5C /* xlsstruct.h */,
				96813DC51C9030F100F3ED5C /* xlstool.h */,
				96813DC61C9030F100F3ED5C /* xlstypes.h */,
			);
			path = libxls;
			sourceTree = "<group>";
		};
		96813DBE1C9030F100F3ED5C /* src */ = {
			isa = PBXGroup;
			children = (
				96813DBF1C9030F100F3ED5C /* endian.c */,
				96813DC01C9030F100F3ED5C /* ole.c */,
				96813DC11C9030F100F3ED5C /* xls.c */,
				96813DC21C9030F100F3ED5C /* xlstool.c */,
			);
			path = src;
			sourceTree = "<group>";
		};
/* End PBXGroup section */

/* Begin PBXNativeTarget section */
		96813CFA1C902D4100F3ED5C /* Read.xlsFile */ = {
			isa = PBXNativeTarget;
			buildConfigurationList = 96813D281C902D4100F3ED5C /* Build configuration list for PBXNativeTarget "Read.xlsFile" */;
			buildPhases = (
				96813CF71C902D4100F3ED5C /* Sources */,
				96813CF81C902D4100F3ED5C /* Frameworks */,
				96813CF91C902D4100F3ED5C /* Resources */,
			);
			buildRules = (
			);
			dependencies = (
			);
			name = Read.xlsFile;
			productName = Read.xlsFile;
			productReference = 96813CFB1C902D4100F3ED5C /* Read.xlsFile.app */;
			productType = "com.apple.product-type.application";
		};
		96813D131C902D4100F3ED5C /* Read.xlsFileTests */ = {
			isa = PBXNativeTarget;
			buildConfigurationList = 96813D2B1C902D4100F3ED5C /* Build configuration list for PBXNativeTarget "Read.xlsFileTests" */;
			buildPhases = (
				96813D101C902D4100F3ED5C /* Sources */,
				96813D111C902D4100F3ED5C /* Frameworks */,
				96813D121C902D4100F3ED5C /* Resources */,
			);
			buildRules = (
			);
			dependencies = (
				96813D161C902D4100F3ED5C /* PBXTargetDependency */,
			);
			name = Read.xlsFileTests;
			productName = Read.xlsFileTests;
			productReference = 96813D141C902D4100F3ED5C /* Read.xlsFileTests.xctest */;
			productType = "com.apple.product-type.bundle.unit-test";
		};
		96813D1E1C902D4100F3ED5C /* Read.xlsFileUITests */ = {
			isa = PBXNativeTarget;
			buildConfigurationList = 96813D2E1C902D4100F3ED5C /* Build configuration list for PBXNativeTarget "Read.xlsFileUITests" */;
			buildPhases = (
				96813D1B1C902D4100F3ED5C /* Sources */,
				96813D1C1C902D4100F3ED5C /* Frameworks */,
				96813D1D1C902D4100F3ED5C /* Resources */,
			);
			buildRules = (
			);
			dependencies = (
				96813D211C902D4100F3ED5C /* PBXTargetDependency */,
			);
			name = Read.xlsFileUITests;
			productName = Read.xlsFileUITests;
			productReference = 96813D1F1C902D4100F3ED5C /* Read.xlsFileUITests.xctest */;
			productType = "com.apple.product-type.bundle.ui-testing";
		};
/* End PBXNativeTarget section */

/* Begin PBXProject section */
		96813CF31C902D4100F3ED5C /* Project object */ = {
			isa = PBXProject;
			attributes = {
				LastUpgradeCheck = 0720;
				ORGANIZATIONNAME = WangJace;
				TargetAttributes = {
					96813CFA1C902D4100F3ED5C = {
						CreatedOnToolsVersion = 7.2.1;
					};
					96813D131C902D4100F3ED5C = {
						CreatedOnToolsVersion = 7.2.1;
						TestTargetID = 96813CFA1C902D4100F3ED5C;
					};
					96813D1E1C902D4100F3ED5C = {
						CreatedOnToolsVersion = 7.2.1;
						TestTargetID = 96813CFA1C902D4100F3ED5C;
					};
				};
			};
			buildConfigurationList = 96813CF61C902D4100F3ED5C /* Build configuration list for PBXProject "Read.xlsFile" */;
			compatibilityVersion = "Xcode 3.2";
			developmentRegion = English;
			hasScannedForEncodings = 0;
			knownRegions = (
				en,
				Base,
			);
			mainGroup = 96813CF21C902D4100F3ED5C;
			productRefGroup = 96813CFC1C902D4100F3ED5C /* Products */;
			projectDirPath = "";
			projectRoot = "";
			targets = (
				96813CFA1C902D4100F3ED5C /* Read.xlsFile */,
				96813D131C902D4100F3ED5C /* Read.xlsFileTests */,
				96813D1E1C902D4100F3ED5C /* Read.xlsFileUITests */,
			);
		};
/* End PBXProject section */

/* Begin PBXResourcesBuildPhase section */
		96813CF91C902D4100F3ED5C /* Resources */ = {
			isa = PBXResourcesBuildPhase;
			buildActionMask = 2147483647;
			files = (
				96813D0E1C902D4100F3ED5C /* LaunchScreen.storyboard in Resources */,
				96813DCE1C90315800F3ED5C /* test.xls in Resources */,
				96813D0B1C902D4100F3ED5C /* Assets.xcassets in Resources */,
				96813D091C902D4100F3ED5C /* Main.storyboard in Resources */,
			);
			runOnlyForDeploymentPostprocessing = 0;
		};
		96813D121C902D4100F3ED5C /* Resources */ = {
			isa = PBXResourcesBuildPhase;
			buildActionMask = 2147483647;
			files = (
			);
			runOnlyForDeploymentPostprocessing = 0;
		};
		96813D1D1C902D4100F3ED5C /* Resources */ = {
			isa = PBXResourcesBuildPhase;
			buildActionMask = 2147483647;
			files = (
			);
			runOnlyForDeploymentPostprocessing = 0;
		};
/* End PBXResourcesBuildPhase section */

/* Begin PBXSourcesBuildPhase section */
		96813CF71C902D4100F3ED5C /* Sources */ = {
			isa = PBXSourcesBuildPhase;
			buildActionMask = 2147483647;
			files = (
				96813D061C902D4100F3ED5C /* ViewController.m in Sources */,
				96813D031C902D4100F3ED5C /* AppDelegate.m in Sources */,
				96813DCC1C9030F100F3ED5C /* xlstool.c in Sources */,
				96813DCA1C9030F100F3ED5C /* ole.c in Sources */,
				96813D001C902D4100F3ED5C /* main.m in Sources */,
				96813DC81C9030F100F3ED5C /* DHxlsReader.m in Sources */,
				96813DCB1C9030F100F3ED5C /* xls.c in Sources */,
				96813DC91C9030F100F3ED5C /* endian.c in Sources */,
				96813DC71C9030F100F3ED5C /* DHcell.m in Sources */,
			);
			runOnlyForDeploymentPostprocessing = 0;
		};
		96813D101C902D4100F3ED5C /* Sources */ = {
			isa = PBXSourcesBuildPhase;
			buildActionMask = 2147483647;
			files = (
				96813D191C902D4100F3ED5C /* Read_xlsFileTests.m in Sources */,
			);
			runOnlyForDeploymentPostprocessing = 0;
		};
		96813D1B1C902D4100F3ED5C /* Sources */ = {
			isa = PBXSourcesBuildPhase;
			buildActionMask = 2147483647;
			files = (
				96813D241C902D4100F3ED5C /* Read_xlsFileUITests.m in Sources */,
			);
			runOnlyForDeploymentPostprocessing = 0;
		};
/* End PBXSourcesBuildPhase section */

/* Begin PBXTargetDependency section */
		96813D161C902D4100F3ED5C /* PBXTargetDependency */ = {
			isa = PBXTargetDependency;
			target = 96813CFA1C902D4100F3ED5C /* Read.xlsFile */;
			targetProxy = 96813D151C902D4100F3ED5C /* PBXContainerItemProxy */;
		};
		96813D211C902D4100F3ED5C /* PBXTargetDependency */ = {
			isa = PBXTargetDependency;
			target = 96813CFA1C902D4100F3ED5C /* Read.xlsFile */;
			targetProxy = 96813D201C902D4100F3ED5C /* PBXContainerItemProxy */;
		};
/* End PBXTargetDependency section */

/* Begin PBXVariantGroup section */
		96813D071C902D4100F3ED5C /* Main.storyboard */ = {
			isa = PBXVariantGroup;
			children = (
				96813D081C902D4100F3ED5C /* Base */,
			);
			name = Main.storyboard;
			sourceTree = "<group>";
		};
		96813D0C1C902D4100F3ED5C /* LaunchScreen.storyboard */ = {
			isa = PBXVariantGroup;
			children = (
				96813D0D1C902D4100F3ED5C /* Base */,
			);
			name = LaunchScreen.storyboard;
			sourceTree = "<group>";
		};
/* End PBXVariantGroup section */

/* Begin XCBuildConfiguration section */
		96813D261C902D4100F3ED5C /* Debug */ = {
			isa = XCBuildConfiguration;
			buildSettings = {
				ALWAYS_SEARCH_USER_PATHS = NO;
				CLANG_CXX_LANGUAGE_STANDARD = "gnu++0x";
				CLANG_CXX_LIBRARY = "libc++";
				CLANG_ENABLE_MODULES = YES;
				CLANG_ENABLE_OBJC_ARC = YES;
				CLANG_WARN_BOOL_CONVERSION = YES;
				CLANG_WARN_CONSTANT_CONVERSION = YES;
				CLANG_WARN_DIRECT_OBJC_ISA_USAGE = YES_ERROR;
				CLANG_WARN_EMPTY_BODY = YES;
				CLANG_WARN_ENUM_CONVERSION = YES;
				CLANG_WARN_INT_CONVERSION = YES;
				CLANG_WARN_OBJC_ROOT_CLASS = YES_ERROR;
				CLANG_WARN_UNREACHABLE_CODE = YES;
				CLANG_WARN__DUPLICATE_METHOD_MATCH = YES;
				"CODE_SIGN_IDENTITY[sdk=iphoneos*]" = "iPhone Developer";
				COPY_PHASE_STRIP = NO;
				DEBUG_INFORMATION_FORMAT = dwarf;
				ENABLE_STRICT_OBJC_MSGSEND = YES;
				ENABLE_TESTABILITY = YES;
				GCC_C_LANGUAGE_STANDARD = gnu99;
				GCC_DYNAMIC_NO_PIC = NO;
				GCC_NO_COMMON_BLOCKS = YES;
				GCC_OPTIMIZATION_LEVEL = 0;
				GCC_PREPROCESSOR_DEFINITIONS = (
					"DEBUG=1",
					"$(inherited)",
				);
				GCC_WARN_64_TO_32_BIT_CONVERSION = YES;
				GCC_WARN_ABOUT_RETURN_TYPE = YES_ERROR;
				GCC_WARN_UNDECLARED_SELECTOR = YES;
				GCC_WARN_UNINITIALIZED_AUTOS = YES_AGGRESSIVE;
				GCC_WARN_UNUSED_FUNCTION = YES;
				GCC_WARN_UNUSED_VARIABLE = YES;
				IPHONEOS_DEPLOYMENT_TARGET = 9.2;
				MTL_ENABLE_DEBUG_INFO = YES;
				ONLY_ACTIVE_ARCH = YES;
				SDKROOT = iphoneos;
				TARGETED_DEVICE_FAMILY = "1,2";
			};
			name = Debug;
		};
		96813D271C902D4100F3ED5C /* Release */ = {
			isa = XCBuildConfiguration;
			buildSettings = {
				ALWAYS_SEARCH_USER_PATHS = NO;
				CLANG_CXX_LANGUAGE_STANDARD = "gnu++0x";
				CLANG_CXX_LIBRARY = "libc++";
				CLANG_ENABLE_MODULES = YES;
				CLANG_ENABLE_OBJC_ARC = YES;
				CLANG_WARN_BOOL_CONVERSION = YES;
				CLANG_WARN_CONSTANT_CONVERSION = YES;
				CLANG_WARN_DIRECT_OBJC_ISA_USAGE = YES_ERROR;
				CLANG_WARN_EMPTY_BODY = YES;
				CLANG_WARN_ENUM_CONVERSION = YES;
				CLANG_WARN_INT_CONVERSION = YES;
				CLANG_WARN_OBJC_ROOT_CLASS = YES_ERROR;
				CLANG_WARN_UNREACHABLE_CODE = YES;
				CLANG_WARN__DUPLICATE_METHOD_MATCH = YES;
				"CODE_SIGN_IDENTITY[sdk=iphoneos*]" = "iPhone Developer";
				COPY_PHASE_STRIP = NO;
				DEBUG_INFORMATION_FORMAT = "dwarf-with-dsym";
				ENABLE_NS_ASSERTIONS = NO;
				ENABLE_STRICT_OBJC_MSGSEND = YES;
				GCC_C_LANGUAGE_STANDARD = gnu99;
				GCC_NO_COMMON_BLOCKS = YES;
				GCC_WARN_64_TO_32_BIT_CONVERSION = YES;
				GCC_WARN_ABOUT_RETURN_TYPE = YES_ERROR;
				GCC_WARN_UNDECLARED_SELECTOR = YES;
				GCC_WARN_UNINITIALIZED_AUTOS = YES_AGGRESSIVE;
				GCC_WARN_UNUSED_FUNCTION = YES;
				GCC_WARN_UNUSED_VARIABLE = YES;
				IPHONEOS_DEPLOYMENT_TARGET = 9.2;
				MTL_ENABLE_DEBUG_INFO = NO;
				SDKROOT = iphoneos;
				TARGETED_DEVICE_FAMILY = "1,2";
				VALIDATE_PRODUCT = YES;
			};
			name = Release;
		};
		96813D291C902D4100F3ED5C /* Debug */ = {
			isa = XCBuildConfiguration;
			buildSettings = {
				ASSETCATALOG_COMPILER_APPICON_NAME = AppIcon;
				INFOPLIST_FILE = Read.xlsFile/Info.plist;
				LD_RUNPATH_SEARCH_PATHS = "$(inherited) @executable_path/Frameworks";
				PRODUCT_BUNDLE_IDENTIFIER = "WangJace.Read-xlsFile";
				PRODUCT_NAME = "$(TARGET_NAME)";
			};
			name = Debug;
		};
		96813D2A1C902D4100F3ED5C /* Release */ = {
			isa = XCBuildConfiguration;
			buildSettings = {
				ASSETCATALOG_COMPILER_APPICON_NAME = AppIcon;
				INFOPLIST_FILE = Read.xlsFile/Info.plist;
				LD_RUNPATH_SEARCH_PATHS = "$(inherited) @executable_path/Frameworks";
				PRODUCT_BUNDLE_IDENTIFIER = "WangJace.Read-xlsFile";
				PRODUCT_NAME = "$(TARGET_NAME)";
			};
			name = Release;
		};
		96813D2C1C902D4100F3ED5C /* Debug */ = {
			isa = XCBuildConfiguration;
			buildSettings = {
				BUNDLE_LOADER = "$(TEST_HOST)";
				INFOPLIST_FILE = Read.xlsFileTests/Info.plist;
				LD_RUNPATH_SEARCH_PATHS = "$(inherited) @executable_path/Frameworks @loader_path/Frameworks";
				PRODUCT_BUNDLE_IDENTIFIER = "WangJace.Read-xlsFileTests";
				PRODUCT_NAME = "$(TARGET_NAME)";
				TEST_HOST = "$(BUILT_PRODUCTS_DIR)/Read.xlsFile.app/Read.xlsFile";
			};
			name = Debug;
		};
		96813D2D1C902D4100F3ED5C /* Release */ = {
			isa = XCBuildConfiguration;
			buildSettings = {
				BUNDLE_LOADER = "$(TEST_HOST)";
				INFOPLIST_FILE = Read.xlsFileTests/Info.plist;
				LD_RUNPATH_SEARCH_PATHS = "$(inherited) @executable_path/Frameworks @loader_path/Frameworks";
				PRODUCT_BUNDLE_IDENTIFIER = "WangJace.Read-xlsFileTests";
				PRODUCT_NAME = "$(TARGET_NAME)";
				TEST_HOST = "$(BUILT_PRODUCTS_DIR)/Read.xlsFile.app/Read.xlsFile";
			};
			name = Release;
		};
		96813D2F1C902D4100F3ED5C /* Debug */ = {
			isa = XCBuildConfiguration;
			buildSettings = {
				INFOPLIST_FILE = Read.xlsFileUITests/Info.plist;
				LD_RUNPATH_SEARCH_PATHS = "$(inherited) @executable_path/Frameworks @loader_path/Frameworks";
				PRODUCT_BUNDLE_IDENTIFIER = "WangJace.Read-xlsFileUITests";
				PRODUCT_NAME = "$(TARGET_NAME)";
				TEST_TARGET_NAME = Read.xlsFile;
				USES_XCTRUNNER = YES;
			};
			name = Debug;
		};
		96813D301C902D4100F3ED5C /* Release */ = {
			isa = XCBuildConfiguration;
			buildSettings = {
				INFOPLIST_FILE = Read.xlsFileUITests/Info.plist;
				LD_RUNPATH_SEARCH_PATHS = "$(inherited) @executable_path/Frameworks @loader_path/Frameworks";
				PRODUCT_BUNDLE_IDENTIFIER = "WangJace.Read-xlsFileUITests";
				PRODUCT_NAME = "$(TARGET_NAME)";
				TEST_TARGET_NAME = Read.xlsFile;
				USES_XCTRUNNER = YES;
			};
			name = Release;
		};
/* End XCBuildConfiguration section */

/* Begin XCConfigurationList section */
		96813CF61C902D4100F3ED5C /* Build configuration list for PBXProject "Read.xlsFile" */ = {
			isa = XCConfigurationList;
			buildConfigurations = (
				96813D261C902D4100F3ED5C /* Debug */,
				96813D271C902D4100F3ED5C /* Release */,
			);
			defaultConfigurationIsVisible = 0;
			defaultConfigurationName = Release;
		};
		96813D281C902D4100F3ED5C /* Build configuration list for PBXNativeTarget "Read.xlsFile" */ = {
			isa = XCConfigurationList;
			buildConfigurations = (
				96813D291C902D4100F3ED5C /* Debug */,
				96813D2A1C902D4100F3ED5C /* Release */,
			);
			defaultConfigurationIsVisible = 0;
			defaultConfigurationName = Release;
		};
		96813D2B1C902D4100F3ED5C /* Build configuration list for PBXNativeTarget "Read.xlsFileTests" */ = {
			isa = XCConfigurationList;
			buildConfigurations = (
				96813D2C1C902D4100F3ED5C /* Debug */,
				96813D2D1C902D4100F3ED5C /* Release */,
			);
			defaultConfigurationIsVisible = 0;
			defaultConfigurationName = Release;
		};
		96813D2E1C902D4100F3ED5C /* Build configuration list for PBXNativeTarget "Read.xlsFileUITests" */ = {
			isa = XCConfigurationList;
			buildConfigurations = (
				96813D2F1C902D4100F3ED5C /* Debug */,
				96813D301C902D4100F3ED5C /* Release */,
			);
			defaultConfigurationIsVisible = 0;
			defaultConfigurationName = Release;
		};
/* End XCConfigurationList section */
	};
	rootObject = 96813CF31C902D4100F3ED5C /* Project object */;
}
