// !$*UTF8*$!
{
	archiveVersion = 1;
	classes = {
	};
	objectVersion = 46;
	objects = {

/* Begin PBXBuildFile section */
		260310861E666BE10039F4F1 /* ControlBaseBehavior.m in Sources */ = {isa = PBXBuildFile; fileRef = 260310851E666BE10039F4F1 /* ControlBaseBehavior.m */; };
		260310891E66759A0039F4F1 /* TextFieldBehaior.m in Sources */ = {isa = PBXBuildFile; fileRef = 260310881E66759A0039F4F1 /* TextFieldBehaior.m */; };
		2603108C1E669D580039F4F1 /* UIView+Appearance.m in Sources */ = {isa = PBXBuildFile; fileRef = 2603108B1E669D580039F4F1 /* UIView+Appearance.m */; };
		2603108F1E66A8230039F4F1 /* LoginViewController.m in Sources */ = {isa = PBXBuildFile; fileRef = 2603108E1E66A8230039F4F1 /* LoginViewController.m */; };
		260310921E66A9FB0039F4F1 /* CountBehavior.m in Sources */ = {isa = PBXBuildFile; fileRef = 260310911E66A9FB0039F4F1 /* CountBehavior.m */; };
		260310981E66B7BB0039F4F1 /* DefTimer.m in Sources */ = {isa = PBXBuildFile; fileRef = 260310971E66B7BB0039F4F1 /* DefTimer.m */; };
		260310A11E66C3960039F4F1 /* KeyboardViewController.m in Sources */ = {isa = PBXBuildFile; fileRef = 260310A01E66C3960039F4F1 /* KeyboardViewController.m */; };
		260310A51E66C3960039F4F1 /* CustomKeyboard.appex in Embed App Extensions */ = {isa = PBXBuildFile; fileRef = 2603109D1E66C3960039F4F1 /* CustomKeyboard.appex */; settings = {ATTRIBUTES = (RemoveHeadersOnCopy, ); }; };
		260310AC1E66D2140039F4F1 /* ValidationVIN.m in Sources */ = {isa = PBXBuildFile; fileRef = 260310AB1E66D2140039F4F1 /* ValidationVIN.m */; };
		26A1DEDD1E665B2400BA93E6 /* main.m in Sources */ = {isa = PBXBuildFile; fileRef = 26A1DEDC1E665B2400BA93E6 /* main.m */; };
		26A1DEE01E665B2400BA93E6 /* AppDelegate.m in Sources */ = {isa = PBXBuildFile; fileRef = 26A1DEDF1E665B2400BA93E6 /* AppDelegate.m */; };
		26A1DEE31E665B2400BA93E6 /* ViewController.m in Sources */ = {isa = PBXBuildFile; fileRef = 26A1DEE21E665B2400BA93E6 /* ViewController.m */; };
		26A1DEE61E665B2400BA93E6 /* Main.storyboard in Resources */ = {isa = PBXBuildFile; fileRef = 26A1DEE41E665B2400BA93E6 /* Main.storyboard */; };
		26A1DEE81E665B2400BA93E6 /* Assets.xcassets in Resources */ = {isa = PBXBuildFile; fileRef = 26A1DEE71E665B2400BA93E6 /* Assets.xcassets */; };
		26A1DEEB1E665B2400BA93E6 /* LaunchScreen.storyboard in Resources */ = {isa = PBXBuildFile; fileRef = 26A1DEE91E665B2400BA93E6 /* LaunchScreen.storyboard */; };
		26A1DEF61E665B2400BA93E6 /* BehaviorTests.m in Sources */ = {isa = PBXBuildFile; fileRef = 26A1DEF51E665B2400BA93E6 /* BehaviorTests.m */; };
		26A1DF011E665B2400BA93E6 /* BehaviorUITests.m in Sources */ = {isa = PBXBuildFile; fileRef = 26A1DF001E665B2400BA93E6 /* BehaviorUITests.m */; };
		26A1DF101E665C1000BA93E6 /* BaseBehavior.m in Sources */ = {isa = PBXBuildFile; fileRef = 26A1DF0F1E665C1000BA93E6 /* BaseBehavior.m */; };
		26A1DF131E665E0B00BA93E6 /* PickerImageBehavior.m in Sources */ = {isa = PBXBuildFile; fileRef = 26A1DF121E665E0B00BA93E6 /* PickerImageBehavior.m */; };
/* End PBXBuildFile section */

/* Begin PBXContainerItemProxy section */
		260310A31E66C3960039F4F1 /* PBXContainerItemProxy */ = {
			isa = PBXContainerItemProxy;
			containerPortal = 26A1DED01E665B2400BA93E6 /* Project object */;
			proxyType = 1;
			remoteGlobalIDString = 2603109C1E66C3960039F4F1;
			remoteInfo = CustomKeyboard;
		};
		26A1DEF21E665B2400BA93E6 /* PBXContainerItemProxy */ = {
			isa = PBXContainerItemProxy;
			containerPortal = 26A1DED01E665B2400BA93E6 /* Project object */;
			proxyType = 1;
			remoteGlobalIDString = 26A1DED71E665B2400BA93E6;
			remoteInfo = Behavior;
		};
		26A1DEFD1E665B2400BA93E6 /* PBXContainerItemProxy */ = {
			isa = PBXContainerItemProxy;
			containerPortal = 26A1DED01E665B2400BA93E6 /* Project object */;
			proxyType = 1;
			remoteGlobalIDString = 26A1DED71E665B2400BA93E6;
			remoteInfo = Behavior;
		};
/* End PBXContainerItemProxy section */

/* Begin PBXCopyFilesBuildPhase section */
		260310A91E66C3960039F4F1 /* Embed App Extensions */ = {
			isa = PBXCopyFilesBuildPhase;
			buildActionMask = 2147483647;
			dstPath = "";
			dstSubfolderSpec = 13;
			files = (
				260310A51E66C3960039F4F1 /* CustomKeyboard.appex in Embed App Extensions */,
			);
			name = "Embed App Extensions";
			runOnlyForDeploymentPostprocessing = 0;
		};
/* End PBXCopyFilesBuildPhase section */

/* Begin PBXFileReference section */
		260310841E666BE10039F4F1 /* ControlBaseBehavior.h */ = {isa = PBXFileReference; fileEncoding = 4; lastKnownFileType = sourcecode.c.h; path = ControlBaseBehavior.h; sourceTree = "<group>"; };
		260310851E666BE10039F4F1 /* ControlBaseBehavior.m */ = {isa = PBXFileReference; fileEncoding = 4; lastKnownFileType = sourcecode.c.objc; path = ControlBaseBehavior.m; sourceTree = "<group>"; };
		260310871E66759A0039F4F1 /* TextFieldBehaior.h */ = {isa = PBXFileReference; fileEncoding = 4; lastKnownFileType = sourcecode.c.h; path = TextFieldBehaior.h; sourceTree = "<group>"; };
		260310881E66759A0039F4F1 /* TextFieldBehaior.m */ = {isa = PBXFileReference; fileEncoding = 4; lastKnownFileType = sourcecode.c.objc; path = TextFieldBehaior.m; sourceTree = "<group>"; };
		2603108A1E669D580039F4F1 /* UIView+Appearance.h */ = {isa = PBXFileReference; fileEncoding = 4; lastKnownFileType = sourcecode.c.h; path = "UIView+Appearance.h"; sourceTree = "<group>"; };
		2603108B1E669D580039F4F1 /* UIView+Appearance.m */ = {isa = PBXFileReference; fileEncoding = 4; lastKnownFileType = sourcecode.c.objc; path = "UIView+Appearance.m"; sourceTree = "<group>"; };
		2603108D1E66A8230039F4F1 /* LoginViewController.h */ = {isa = PBXFileReference; fileEncoding = 4; lastKnownFileType = sourcecode.c.h; path = LoginViewController.h; sourceTree = "<group>"; };
		2603108E1E66A8230039F4F1 /* LoginViewController.m */ = {isa = PBXFileReference; fileEncoding = 4; lastKnownFileType = sourcecode.c.objc; path = LoginViewController.m; sourceTree = "<group>"; };
		260310901E66A9FB0039F4F1 /* CountBehavior.h */ = {isa = PBXFileReference; fileEncoding = 4; lastKnownFileType = sourcecode.c.h; path = CountBehavior.h; sourceTree = "<group>"; };
		260310911E66A9FB0039F4F1 /* CountBehavior.m */ = {isa = PBXFileReference; fileEncoding = 4; lastKnownFileType = sourcecode.c.objc; path = CountBehavior.m; sourceTree = "<group>"; };
		260310961E66B7BB0039F4F1 /* DefTimer.h */ = {isa = PBXFileReference; fileEncoding = 4; lastKnownFileType = sourcecode.c.h; path = DefTimer.h; sourceTree = "<group>"; };
		260310971E66B7BB0039F4F1 /* DefTimer.m */ = {isa = PBXFileReference; fileEncoding = 4; lastKnownFileType = sourcecode.c.objc; path = DefTimer.m; sourceTree = "<group>"; };
		2603109D1E66C3960039F4F1 /* CustomKeyboard.appex */ = {isa = PBXFileReference; explicitFileType = "wrapper.app-extension"; includeInIndex = 0; path = CustomKeyboard.appex; sourceTree = BUILT_PRODUCTS_DIR; };
		2603109F1E66C3960039F4F1 /* KeyboardViewController.h */ = {isa = PBXFileReference; lastKnownFileType = sourcecode.c.h; path = KeyboardViewController.h; sourceTree = "<group>"; };
		260310A01E66C3960039F4F1 /* KeyboardViewController.m */ = {isa = PBXFileReference; lastKnownFileType = sourcecode.c.objc; path = KeyboardViewController.m; sourceTree = "<group>"; };
		260310A21E66C3960039F4F1 /* Info.plist */ = {isa = PBXFileReference; lastKnownFileType = text.plist.xml; path = Info.plist; sourceTree = "<group>"; };
		260310AA1E66D2140039F4F1 /* ValidationVIN.h */ = {isa = PBXFileReference; fileEncoding = 4; lastKnownFileType = sourcecode.c.h; path = ValidationVIN.h; sourceTree = "<group>"; };
		260310AB1E66D2140039F4F1 /* ValidationVIN.m */ = {isa = PBXFileReference; fileEncoding = 4; lastKnownFileType = sourcecode.c.objc; path = ValidationVIN.m; sourceTree = "<group>"; };
		26A1DED81E665B2400BA93E6 /* Behavior.app */ = {isa = PBXFileReference; explicitFileType = wrapper.application; includeInIndex = 0; path = Behavior.app; sourceTree = BUILT_PRODUCTS_DIR; };
		26A1DEDC1E665B2400BA93E6 /* main.m */ = {isa = PBXFileReference; lastKnownFileType = sourcecode.c.objc; path = main.m; sourceTree = "<group>"; };
		26A1DEDE1E665B2400BA93E6 /* AppDelegate.h */ = {isa = PBXFileReference; lastKnownFileType = sourcecode.c.h; path = AppDelegate.h; sourceTree = "<group>"; };
		26A1DEDF1E665B2400BA93E6 /* AppDelegate.m */ = {isa = PBXFileReference; lastKnownFileType = sourcecode.c.objc; path = AppDelegate.m; sourceTree = "<group>"; };
		26A1DEE11E665B2400BA93E6 /* ViewController.h */ = {isa = PBXFileReference; lastKnownFileType = sourcecode.c.h; path = ViewController.h; sourceTree = "<group>"; };
		26A1DEE21E665B2400BA93E6 /* ViewController.m */ = {isa = PBXFileReference; lastKnownFileType = sourcecode.c.objc; path = ViewController.m; sourceTree = "<group>"; };
		26A1DEE51E665B2400BA93E6 /* Base */ = {isa = PBXFileReference; lastKnownFileType = file.storyboard; name = Base; path = Base.lproj/Main.storyboard; sourceTree = "<group>"; };
		26A1DEE71E665B2400BA93E6 /* Assets.xcassets */ = {isa = PBXFileReference; lastKnownFileType = folder.assetcatalog; path = Assets.xcassets; sourceTree = "<group>"; };
		26A1DEEA1E665B2400BA93E6 /* Base */ = {isa = PBXFileReference; lastKnownFileType = file.storyboard; name = Base; path = Base.lproj/LaunchScreen.storyboard; sourceTree = "<group>"; };
		26A1DEEC1E665B2400BA93E6 /* Info.plist */ = {isa = PBXFileReference; lastKnownFileType = text.plist.xml; path = Info.plist; sourceTree = "<group>"; };
		26A1DEF11E665B2400BA93E6 /* BehaviorTests.xctest */ = {isa = PBXFileReference; explicitFileType = wrapper.cfbundle; includeInIndex = 0; path = BehaviorTests.xctest; sourceTree = BUILT_PRODUCTS_DIR; };
		26A1DEF51E665B2400BA93E6 /* BehaviorTests.m */ = {isa = PBXFileReference; lastKnownFileType = sourcecode.c.objc; path = BehaviorTests.m; sourceTree = "<group>"; };
		26A1DEF71E665B2400BA93E6 /* Info.plist */ = {isa = PBXFileReference; lastKnownFileType = text.plist.xml; path = Info.plist; sourceTree = "<group>"; };
		26A1DEFC1E665B2400BA93E6 /* BehaviorUITests.xctest */ = {isa = PBXFileReference; explicitFileType = wrapper.cfbundle; includeInIndex = 0; path = BehaviorUITests.xctest; sourceTree = BUILT_PRODUCTS_DIR; };
		26A1DF001E665B2400BA93E6 /* BehaviorUITests.m */ = {isa = PBXFileReference; lastKnownFileType = sourcecode.c.objc; path = BehaviorUITests.m; sourceTree = "<group>"; };
		26A1DF021E665B2400BA93E6 /* Info.plist */ = {isa = PBXFileReference; lastKnownFileType = text.plist.xml; path = Info.plist; sourceTree = "<group>"; };
		26A1DF0E1E665C1000BA93E6 /* BaseBehavior.h */ = {isa = PBXFileReference; fileEncoding = 4; lastKnownFileType = sourcecode.c.h; path = BaseBehavior.h; sourceTree = "<group>"; };
		26A1DF0F1E665C1000BA93E6 /* BaseBehavior.m */ = {isa = PBXFileReference; fileEncoding = 4; lastKnownFileType = sourcecode.c.objc; path = BaseBehavior.m; sourceTree = "<group>"; };
		26A1DF111E665E0B00BA93E6 /* PickerImageBehavior.h */ = {isa = PBXFileReference; fileEncoding = 4; lastKnownFileType = sourcecode.c.h; path = PickerImageBehavior.h; sourceTree = "<group>"; };
		26A1DF121E665E0B00BA93E6 /* PickerImageBehavior.m */ = {isa = PBXFileReference; fileEncoding = 4; lastKnownFileType = sourcecode.c.objc; path = PickerImageBehavior.m; sourceTree = "<group>"; };
/* End PBXFileReference section */

/* Begin PBXFrameworksBuildPhase section */
		2603109A1E66C3960039F4F1 /* Frameworks */ = {
			isa = PBXFrameworksBuildPhase;
			buildActionMask = 2147483647;
			files = (
			);
			runOnlyForDeploymentPostprocessing = 0;
		};
		26A1DED51E665B2400BA93E6 /* Frameworks */ = {
			isa = PBXFrameworksBuildPhase;
			buildActionMask = 2147483647;
			files = (
			);
			runOnlyForDeploymentPostprocessing = 0;
		};
		26A1DEEE1E665B2400BA93E6 /* Frameworks */ = {
			isa = PBXFrameworksBuildPhase;
			buildActionMask = 2147483647;
			files = (
			);
			runOnlyForDeploymentPostprocessing = 0;
		};
		26A1DEF91E665B2400BA93E6 /* Frameworks */ = {
			isa = PBXFrameworksBuildPhase;
			buildActionMask = 2147483647;
			files = (
			);
			runOnlyForDeploymentPostprocessing = 0;
		};
/* End PBXFrameworksBuildPhase section */

/* Begin PBXGroup section */
		2603109E1E66C3960039F4F1 /* CustomKeyboard */ = {
			isa = PBXGroup;
			children = (
				2603109F1E66C3960039F4F1 /* KeyboardViewController.h */,
				260310A01E66C3960039F4F1 /* KeyboardViewController.m */,
				260310A21E66C3960039F4F1 /* Info.plist */,
			);
			path = CustomKeyboard;
			sourceTree = "<group>";
		};
		26A1DECF1E665B2400BA93E6 = {
			isa = PBXGroup;
			children = (
				26A1DEDA1E665B2400BA93E6 /* Behavior */,
				26A1DEF41E665B2400BA93E6 /* BehaviorTests */,
				26A1DEFF1E665B2400BA93E6 /* BehaviorUITests */,
				2603109E1E66C3960039F4F1 /* CustomKeyboard */,
				26A1DED91E665B2400BA93E6 /* Products */,
			);
			sourceTree = "<group>";
		};
		26A1DED91E665B2400BA93E6 /* Products */ = {
			isa = PBXGroup;
			children = (
				26A1DED81E665B2400BA93E6 /* Behavior.app */,
				26A1DEF11E665B2400BA93E6 /* BehaviorTests.xctest */,
				26A1DEFC1E665B2400BA93E6 /* BehaviorUITests.xctest */,
				2603109D1E66C3960039F4F1 /* CustomKeyboard.appex */,
			);
			name = Products;
			sourceTree = "<group>";
		};
		26A1DEDA1E665B2400BA93E6 /* Behavior */ = {
			isa = PBXGroup;
			children = (
				2603108A1E669D580039F4F1 /* UIView+Appearance.h */,
				2603108B1E669D580039F4F1 /* UIView+Appearance.m */,
				26A1DEDE1E665B2400BA93E6 /* AppDelegate.h */,
				26A1DEDF1E665B2400BA93E6 /* AppDelegate.m */,
				26A1DEE11E665B2400BA93E6 /* ViewController.h */,
				26A1DEE21E665B2400BA93E6 /* ViewController.m */,
				2603108D1E66A8230039F4F1 /* LoginViewController.h */,
				2603108E1E66A8230039F4F1 /* LoginViewController.m */,
				26A1DEE41E665B2400BA93E6 /* Main.storyboard */,
				26A1DF0E1E665C1000BA93E6 /* BaseBehavior.h */,
				26A1DF0F1E665C1000BA93E6 /* BaseBehavior.m */,
				260310841E666BE10039F4F1 /* ControlBaseBehavior.h */,
				260310851E666BE10039F4F1 /* ControlBaseBehavior.m */,
				26A1DF111E665E0B00BA93E6 /* PickerImageBehavior.h */,
				26A1DF121E665E0B00BA93E6 /* PickerImageBehavior.m */,
				260310901E66A9FB0039F4F1 /* CountBehavior.h */,
				260310911E66A9FB0039F4F1 /* CountBehavior.m */,
				260310961E66B7BB0039F4F1 /* DefTimer.h */,
				260310971E66B7BB0039F4F1 /* DefTimer.m */,
				260310871E66759A0039F4F1 /* TextFieldBehaior.h */,
				260310881E66759A0039F4F1 /* TextFieldBehaior.m */,
				260310AA1E66D2140039F4F1 /* ValidationVIN.h */,
				260310AB1E66D2140039F4F1 /* ValidationVIN.m */,
				26A1DEE71E665B2400BA93E6 /* Assets.xcassets */,
				26A1DEE91E665B2400BA93E6 /* LaunchScreen.storyboard */,
				26A1DEEC1E665B2400BA93E6 /* Info.plist */,
				26A1DEDB1E665B2400BA93E6 /* Supporting Files */,
			);
			path = Behavior;
			sourceTree = "<group>";
		};
		26A1DEDB1E665B2400BA93E6 /* Supporting Files */ = {
			isa = PBXGroup;
			children = (
				26A1DEDC1E665B2400BA93E6 /* main.m */,
			);
			name = "Supporting Files";
			sourceTree = "<group>";
		};
		26A1DEF41E665B2400BA93E6 /* BehaviorTests */ = {
			isa = PBXGroup;
			children = (
				26A1DEF51E665B2400BA93E6 /* BehaviorTests.m */,
				26A1DEF71E665B2400BA93E6 /* Info.plist */,
			);
			path = BehaviorTests;
			sourceTree = "<group>";
		};
		26A1DEFF1E665B2400BA93E6 /* BehaviorUITests */ = {
			isa = PBXGroup;
			children = (
				26A1DF001E665B2400BA93E6 /* BehaviorUITests.m */,
				26A1DF021E665B2400BA93E6 /* Info.plist */,
			);
			path = BehaviorUITests;
			sourceTree = "<group>";
		};
/* End PBXGroup section */

/* Begin PBXNativeTarget section */
		2603109C1E66C3960039F4F1 /* CustomKeyboard */ = {
			isa = PBXNativeTarget;
			buildConfigurationList = 260310A61E66C3960039F4F1 /* Build configuration list for PBXNativeTarget "CustomKeyboard" */;
			buildPhases = (
				260310991E66C3960039F4F1 /* Sources */,
				2603109A1E66C3960039F4F1 /* Frameworks */,
				2603109B1E66C3960039F4F1 /* Resources */,
			);
			buildRules = (
			);
			dependencies = (
			);
			name = CustomKeyboard;
			productName = CustomKeyboard;
			productReference = 2603109D1E66C3960039F4F1 /* CustomKeyboard.appex */;
			productType = "com.apple.product-type.app-extension";
		};
		26A1DED71E665B2400BA93E6 /* Behavior */ = {
			isa = PBXNativeTarget;
			buildConfigurationList = 26A1DF051E665B2400BA93E6 /* Build configuration list for PBXNativeTarget "Behavior" */;
			buildPhases = (
				26A1DED41E665B2400BA93E6 /* Sources */,
				26A1DED51E665B2400BA93E6 /* Frameworks */,
				26A1DED61E665B2400BA93E6 /* Resources */,
				260310A91E66C3960039F4F1 /* Embed App Extensions */,
			);
			buildRules = (
			);
			dependencies = (
				260310A41E66C3960039F4F1 /* PBXTargetDependency */,
			);
			name = Behavior;
			productName = Behavior;
			productReference = 26A1DED81E665B2400BA93E6 /* Behavior.app */;
			productType = "com.apple.product-type.application";
		};
		26A1DEF01E665B2400BA93E6 /* BehaviorTests */ = {
			isa = PBXNativeTarget;
			buildConfigurationList = 26A1DF081E665B2400BA93E6 /* Build configuration list for PBXNativeTarget "BehaviorTests" */;
			buildPhases = (
				26A1DEED1E665B2400BA93E6 /* Sources */,
				26A1DEEE1E665B2400BA93E6 /* Frameworks */,
				26A1DEEF1E665B2400BA93E6 /* Resources */,
			);
			buildRules = (
			);
			dependencies = (
				26A1DEF31E665B2400BA93E6 /* PBXTargetDependency */,
			);
			name = BehaviorTests;
			productName = BehaviorTests;
			productReference = 26A1DEF11E665B2400BA93E6 /* BehaviorTests.xctest */;
			productType = "com.apple.product-type.bundle.unit-test";
		};
		26A1DEFB1E665B2400BA93E6 /* BehaviorUITests */ = {
			isa = PBXNativeTarget;
			buildConfigurationList = 26A1DF0B1E665B2400BA93E6 /* Build configuration list for PBXNativeTarget "BehaviorUITests" */;
			buildPhases = (
				26A1DEF81E665B2400BA93E6 /* Sources */,
				26A1DEF91E665B2400BA93E6 /* Frameworks */,
				26A1DEFA1E665B2400BA93E6 /* Resources */,
			);
			buildRules = (
			);
			dependencies = (
				26A1DEFE1E665B2400BA93E6 /* PBXTargetDependency */,
			);
			name = BehaviorUITests;
			productName = BehaviorUITests;
			productReference = 26A1DEFC1E665B2400BA93E6 /* BehaviorUITests.xctest */;
			productType = "com.apple.product-type.bundle.ui-testing";
		};
/* End PBXNativeTarget section */

/* Begin PBXProject section */
		26A1DED01E665B2400BA93E6 /* Project object */ = {
			isa = PBXProject;
			attributes = {
				LastUpgradeCheck = 0820;
				ORGANIZATIONNAME = lanht;
				TargetAttributes = {
					2603109C1E66C3960039F4F1 = {
						CreatedOnToolsVersion = 8.2.1;
						ProvisioningStyle = Automatic;
					};
					26A1DED71E665B2400BA93E6 = {
						CreatedOnToolsVersion = 8.2.1;
						ProvisioningStyle = Automatic;
					};
					26A1DEF01E665B2400BA93E6 = {
						CreatedOnToolsVersion = 8.2.1;
						ProvisioningStyle = Automatic;
						TestTargetID = 26A1DED71E665B2400BA93E6;
					};
					26A1DEFB1E665B2400BA93E6 = {
						CreatedOnToolsVersion = 8.2.1;
						ProvisioningStyle = Automatic;
						TestTargetID = 26A1DED71E665B2400BA93E6;
					};
				};
			};
			buildConfigurationList = 26A1DED31E665B2400BA93E6 /* Build configuration list for PBXProject "Behavior" */;
			compatibilityVersion = "Xcode 3.2";
			developmentRegion = English;
			hasScannedForEncodings = 0;
			knownRegions = (
				en,
				Base,
			);
			mainGroup = 26A1DECF1E665B2400BA93E6;
			productRefGroup = 26A1DED91E665B2400BA93E6 /* Products */;
			projectDirPath = "";
			projectRoot = "";
			targets = (
				26A1DED71E665B2400BA93E6 /* Behavior */,
				26A1DEF01E665B2400BA93E6 /* BehaviorTests */,
				26A1DEFB1E665B2400BA93E6 /* BehaviorUITests */,
				2603109C1E66C3960039F4F1 /* CustomKeyboard */,
			);
		};
/* End PBXProject section */

/* Begin PBXResourcesBuildPhase section */
		2603109B1E66C3960039F4F1 /* Resources */ = {
			isa = PBXResourcesBuildPhase;
			buildActionMask = 2147483647;
			files = (
			);
			runOnlyForDeploymentPostprocessing = 0;
		};
		26A1DED61E665B2400BA93E6 /* Resources */ = {
			isa = PBXResourcesBuildPhase;
			buildActionMask = 2147483647;
			files = (
				26A1DEEB1E665B2400BA93E6 /* LaunchScreen.storyboard in Resources */,
				26A1DEE81E665B2400BA93E6 /* Assets.xcassets in Resources */,
				26A1DEE61E665B2400BA93E6 /* Main.storyboard in Resources */,
			);
			runOnlyForDeploymentPostprocessing = 0;
		};
		26A1DEEF1E665B2400BA93E6 /* Resources */ = {
			isa = PBXResourcesBuildPhase;
			buildActionMask = 2147483647;
			files = (
			);
			runOnlyForDeploymentPostprocessing = 0;
		};
		26A1DEFA1E665B2400BA93E6 /* Resources */ = {
			isa = PBXResourcesBuildPhase;
			buildActionMask = 2147483647;
			files = (
			);
			runOnlyForDeploymentPostprocessing = 0;
		};
/* End PBXResourcesBuildPhase section */

/* Begin PBXSourcesBuildPhase section */
		260310991E66C3960039F4F1 /* Sources */ = {
			isa = PBXSourcesBuildPhase;
			buildActionMask = 2147483647;
			files = (
				260310A11E66C3960039F4F1 /* KeyboardViewController.m in Sources */,
			);
			runOnlyForDeploymentPostprocessing = 0;
		};
		26A1DED41E665B2400BA93E6 /* Sources */ = {
			isa = PBXSourcesBuildPhase;
			buildActionMask = 2147483647;
			files = (
				260310981E66B7BB0039F4F1 /* DefTimer.m in Sources */,
				260310861E666BE10039F4F1 /* ControlBaseBehavior.m in Sources */,
				26A1DF101E665C1000BA93E6 /* BaseBehavior.m in Sources */,
				2603108C1E669D580039F4F1 /* UIView+Appearance.m in Sources */,
				260310921E66A9FB0039F4F1 /* CountBehavior.m in Sources */,
				26A1DEE31E665B2400BA93E6 /* ViewController.m in Sources */,
				260310AC1E66D2140039F4F1 /* ValidationVIN.m in Sources */,
				26A1DEE01E665B2400BA93E6 /* AppDelegate.m in Sources */,
				2603108F1E66A8230039F4F1 /* LoginViewController.m in Sources */,
				26A1DF131E665E0B00BA93E6 /* PickerImageBehavior.m in Sources */,
				26A1DEDD1E665B2400BA93E6 /* main.m in Sources */,
				260310891E66759A0039F4F1 /* TextFieldBehaior.m in Sources */,
			);
			runOnlyForDeploymentPostprocessing = 0;
		};
		26A1DEED1E665B2400BA93E6 /* Sources */ = {
			isa = PBXSourcesBuildPhase;
			buildActionMask = 2147483647;
			files = (
				26A1DEF61E665B2400BA93E6 /* BehaviorTests.m in Sources */,
			);
			runOnlyForDeploymentPostprocessing = 0;
		};
		26A1DEF81E665B2400BA93E6 /* Sources */ = {
			isa = PBXSourcesBuildPhase;
			buildActionMask = 2147483647;
			files = (
				26A1DF011E665B2400BA93E6 /* BehaviorUITests.m in Sources */,
			);
			runOnlyForDeploymentPostprocessing = 0;
		};
/* End PBXSourcesBuildPhase section */

/* Begin PBXTargetDependency section */
		260310A41E66C3960039F4F1 /* PBXTargetDependency */ = {
			isa = PBXTargetDependency;
			target = 2603109C1E66C3960039F4F1 /* CustomKeyboard */;
			targetProxy = 260310A31E66C3960039F4F1 /* PBXContainerItemProxy */;
		};
		26A1DEF31E665B2400BA93E6 /* PBXTargetDependency */ = {
			isa = PBXTargetDependency;
			target = 26A1DED71E665B2400BA93E6 /* Behavior */;
			targetProxy = 26A1DEF21E665B2400BA93E6 /* PBXContainerItemProxy */;
		};
		26A1DEFE1E665B2400BA93E6 /* PBXTargetDependency */ = {
			isa = PBXTargetDependency;
			target = 26A1DED71E665B2400BA93E6 /* Behavior */;
			targetProxy = 26A1DEFD1E665B2400BA93E6 /* PBXContainerItemProxy */;
		};
/* End PBXTargetDependency section */

/* Begin PBXVariantGroup section */
		26A1DEE41E665B2400BA93E6 /* Main.storyboard */ = {
			isa = PBXVariantGroup;
			children = (
				26A1DEE51E665B2400BA93E6 /* Base */,
			);
			name = Main.storyboard;
			sourceTree = "<group>";
		};
		26A1DEE91E665B2400BA93E6 /* LaunchScreen.storyboard */ = {
			isa = PBXVariantGroup;
			children = (
				26A1DEEA1E665B2400BA93E6 /* Base */,
			);
			name = LaunchScreen.storyboard;
			sourceTree = "<group>";
		};
/* End PBXVariantGroup section */

/* Begin XCBuildConfiguration section */
		260310A71E66C3960039F4F1 /* Debug */ = {
			isa = XCBuildConfiguration;
			buildSettings = {
				INFOPLIST_FILE = CustomKeyboard/Info.plist;
				LD_RUNPATH_SEARCH_PATHS = "$(inherited) @executable_path/Frameworks @executable_path/../../Frameworks";
				PRODUCT_BUNDLE_IDENTIFIER = lanht.Behavior.CustomKeyboard;
				PRODUCT_NAME = "$(TARGET_NAME)";
				SKIP_INSTALL = YES;
			};
			name = Debug;
		};
		260310A81E66C3960039F4F1 /* Release */ = {
			isa = XCBuildConfiguration;
			buildSettings = {
				INFOPLIST_FILE = CustomKeyboard/Info.plist;
				LD_RUNPATH_SEARCH_PATHS = "$(inherited) @executable_path/Frameworks @executable_path/../../Frameworks";
				PRODUCT_BUNDLE_IDENTIFIER = lanht.Behavior.CustomKeyboard;
				PRODUCT_NAME = "$(TARGET_NAME)";
				SKIP_INSTALL = YES;
			};
			name = Release;
		};
		26A1DF031E665B2400BA93E6 /* Debug */ = {
			isa = XCBuildConfiguration;
			buildSettings = {
				ALWAYS_SEARCH_USER_PATHS = NO;
				CLANG_ANALYZER_NONNULL = YES;
				CLANG_CXX_LANGUAGE_STANDARD = "gnu++0x";
				CLANG_CXX_LIBRARY = "libc++";
				CLANG_ENABLE_MODULES = YES;
				CLANG_ENABLE_OBJC_ARC = YES;
				CLANG_WARN_BOOL_CONVERSION = YES;
				CLANG_WARN_CONSTANT_CONVERSION = YES;
				CLANG_WARN_DIRECT_OBJC_ISA_USAGE = YES_ERROR;
				CLANG_WARN_DOCUMENTATION_COMMENTS = YES;
				CLANG_WARN_EMPTY_BODY = YES;
				CLANG_WARN_ENUM_CONVERSION = YES;
				CLANG_WARN_INFINITE_RECURSION = YES;
				CLANG_WARN_INT_CONVERSION = YES;
				CLANG_WARN_OBJC_ROOT_CLASS = YES_ERROR;
				CLANG_WARN_SUSPICIOUS_MOVE = YES;
				CLANG_WARN_UNREACHABLE_CODE = YES;
				CLANG_WARN__DUPLICATE_METHOD_MATCH = YES;
				"CODE_SIGN_IDENTITY[sdk=iphoneos*]" = "iPhone Developer";
				COPY_PHASE_STRIP = NO;
				DEBUG_INFORMATION_FORMAT = dwarf;
				ENABLE_STRICT_OBJC_MSGSEND = YES;
				ENABLE_TESTABILITY = YES;
				GCC_C_LANGUAGE_STANDARD = gnu99;
				GCC_DYNAMIC_NO_PIC = NO;
				GCC_NO_COMMON_BLOCKS = YES;
				GCC_OPTIMIZATION_LEVEL = 0;
				GCC_PREPROCESSOR_DEFINITIONS = (
					"DEBUG=1",
					"$(inherited)",
				);
				GCC_WARN_64_TO_32_BIT_CONVERSION = YES;
				GCC_WARN_ABOUT_RETURN_TYPE = YES_ERROR;
				GCC_WARN_UNDECLARED_SELECTOR = YES;
				GCC_WARN_UNINITIALIZED_AUTOS = YES_AGGRESSIVE;
				GCC_WARN_UNUSED_FUNCTION = YES;
				GCC_WARN_UNUSED_VARIABLE = YES;
				IPHONEOS_DEPLOYMENT_TARGET = 10.2;
				MTL_ENABLE_DEBUG_INFO = YES;
				ONLY_ACTIVE_ARCH = YES;
				SDKROOT = iphoneos;
			};
			name = Debug;
		};
		26A1DF041E665B2400BA93E6 /* Release */ = {
			isa = XCBuildConfiguration;
			buildSettings = {
				ALWAYS_SEARCH_USER_PATHS = NO;
				CLANG_ANALYZER_NONNULL = YES;
				CLANG_CXX_LANGUAGE_STANDARD = "gnu++0x";
				CLANG_CXX_LIBRARY = "libc++";
				CLANG_ENABLE_MODULES = YES;
				CLANG_ENABLE_OBJC_ARC = YES;
				CLANG_WARN_BOOL_CONVERSION = YES;
				CLANG_WARN_CONSTANT_CONVERSION = YES;
				CLANG_WARN_DIRECT_OBJC_ISA_USAGE = YES_ERROR;
				CLANG_WARN_DOCUMENTATION_COMMENTS = YES;
				CLANG_WARN_EMPTY_BODY = YES;
				CLANG_WARN_ENUM_CONVERSION = YES;
				CLANG_WARN_INFINITE_RECURSION = YES;
				CLANG_WARN_INT_CONVERSION = YES;
				CLANG_WARN_OBJC_ROOT_CLASS = YES_ERROR;
				CLANG_WARN_SUSPICIOUS_MOVE = YES;
				CLANG_WARN_UNREACHABLE_CODE = YES;
				CLANG_WARN__DUPLICATE_METHOD_MATCH = YES;
				"CODE_SIGN_IDENTITY[sdk=iphoneos*]" = "iPhone Developer";
				COPY_PHASE_STRIP = NO;
				DEBUG_INFORMATION_FORMAT = "dwarf-with-dsym";
				ENABLE_NS_ASSERTIONS = NO;
				ENABLE_STRICT_OBJC_MSGSEND = YES;
				GCC_C_LANGUAGE_STANDARD = gnu99;
				GCC_NO_COMMON_BLOCKS = YES;
				GCC_WARN_64_TO_32_BIT_CONVERSION = YES;
				GCC_WARN_ABOUT_RETURN_TYPE = YES_ERROR;
				GCC_WARN_UNDECLARED_SELECTOR = YES;
				GCC_WARN_UNINITIALIZED_AUTOS = YES_AGGRESSIVE;
				GCC_WARN_UNUSED_FUNCTION = YES;
				GCC_WARN_UNUSED_VARIABLE = YES;
				IPHONEOS_DEPLOYMENT_TARGET = 10.2;
				MTL_ENABLE_DEBUG_INFO = NO;
				SDKROOT = iphoneos;
				VALIDATE_PRODUCT = YES;
			};
			name = Release;
		};
		26A1DF061E665B2400BA93E6 /* Debug */ = {
			isa = XCBuildConfiguration;
			buildSettings = {
				ASSETCATALOG_COMPILER_APPICON_NAME = AppIcon;
				INFOPLIST_FILE = Behavior/Info.plist;
				LD_RUNPATH_SEARCH_PATHS = "$(inherited) @executable_path/Frameworks";
				PRODUCT_BUNDLE_IDENTIFIER = lanht.Behavior;
				PRODUCT_NAME = "$(TARGET_NAME)";
			};
			name = Debug;
		};
		26A1DF071E665B2400BA93E6 /* Release */ = {
			isa = XCBuildConfiguration;
			buildSettings = {
				ASSETCATALOG_COMPILER_APPICON_NAME = AppIcon;
				INFOPLIST_FILE = Behavior/Info.plist;
				LD_RUNPATH_SEARCH_PATHS = "$(inherited) @executable_path/Frameworks";
				PRODUCT_BUNDLE_IDENTIFIER = lanht.Behavior;
				PRODUCT_NAME = "$(TARGET_NAME)";
			};
			name = Release;
		};
		26A1DF091E665B2400BA93E6 /* Debug */ = {
			isa = XCBuildConfiguration;
			buildSettings = {
				BUNDLE_LOADER = "$(TEST_HOST)";
				INFOPLIST_FILE = BehaviorTests/Info.plist;
				LD_RUNPATH_SEARCH_PATHS = "$(inherited) @executable_path/Frameworks @loader_path/Frameworks";
				PRODUCT_BUNDLE_IDENTIFIER = lanht.BehaviorTests;
				PRODUCT_NAME = "$(TARGET_NAME)";
				TEST_HOST = "$(BUILT_PRODUCTS_DIR)/Behavior.app/Behavior";
			};
			name = Debug;
		};
		26A1DF0A1E665B2400BA93E6 /* Release */ = {
			isa = XCBuildConfiguration;
			buildSettings = {
				BUNDLE_LOADER = "$(TEST_HOST)";
				INFOPLIST_FILE = BehaviorTests/Info.plist;
				LD_RUNPATH_SEARCH_PATHS = "$(inherited) @executable_path/Frameworks @loader_path/Frameworks";
				PRODUCT_BUNDLE_IDENTIFIER = lanht.BehaviorTests;
				PRODUCT_NAME = "$(TARGET_NAME)";
				TEST_HOST = "$(BUILT_PRODUCTS_DIR)/Behavior.app/Behavior";
			};
			name = Release;
		};
		26A1DF0C1E665B2400BA93E6 /* Debug */ = {
			isa = XCBuildConfiguration;
			buildSettings = {
				INFOPLIST_FILE = BehaviorUITests/Info.plist;
				LD_RUNPATH_SEARCH_PATHS = "$(inherited) @executable_path/Frameworks @loader_path/Frameworks";
				PRODUCT_BUNDLE_IDENTIFIER = lanht.BehaviorUITests;
				PRODUCT_NAME = "$(TARGET_NAME)";
				TEST_TARGET_NAME = Behavior;
			};
			name = Debug;
		};
		26A1DF0D1E665B2400BA93E6 /* Release */ = {
			isa = XCBuildConfiguration;
			buildSettings = {
				INFOPLIST_FILE = BehaviorUITests/Info.plist;
				LD_RUNPATH_SEARCH_PATHS = "$(inherited) @executable_path/Frameworks @loader_path/Frameworks";
				PRODUCT_BUNDLE_IDENTIFIER = lanht.BehaviorUITests;
				PRODUCT_NAME = "$(TARGET_NAME)";
				TEST_TARGET_NAME = Behavior;
			};
			name = Release;
		};
/* End XCBuildConfiguration section */

/* Begin XCConfigurationList section */
		260310A61E66C3960039F4F1 /* Build configuration list for PBXNativeTarget "CustomKeyboard" */ = {
			isa = XCConfigurationList;
			buildConfigurations = (
				260310A71E66C3960039F4F1 /* Debug */,
				260310A81E66C3960039F4F1 /* Release */,
			);
			defaultConfigurationIsVisible = 0;
		};
		26A1DED31E665B2400BA93E6 /* Build configuration list for PBXProject "Behavior" */ = {
			isa = XCConfigurationList;
			buildConfigurations = (
				26A1DF031E665B2400BA93E6 /* Debug */,
				26A1DF041E665B2400BA93E6 /* Release */,
			);
			defaultConfigurationIsVisible = 0;
			defaultConfigurationName = Release;
		};
		26A1DF051E665B2400BA93E6 /* Build configuration list for PBXNativeTarget "Behavior" */ = {
			isa = XCConfigurationList;
			buildConfigurations = (
				26A1DF061E665B2400BA93E6 /* Debug */,
				26A1DF071E665B2400BA93E6 /* Release */,
			);
			defaultConfigurationIsVisible = 0;
			defaultConfigurationName = Release;
		};
		26A1DF081E665B2400BA93E6 /* Build configuration list for PBXNativeTarget "BehaviorTests" */ = {
			isa = XCConfigurationList;
			buildConfigurations = (
				26A1DF091E665B2400BA93E6 /* Debug */,
				26A1DF0A1E665B2400BA93E6 /* Release */,
			);
			defaultConfigurationIsVisible = 0;
			defaultConfigurationName = Release;
		};
		26A1DF0B1E665B2400BA93E6 /* Build configuration list for PBXNativeTarget "BehaviorUITests" */ = {
			isa = XCConfigurationList;
			buildConfigurations = (
				26A1DF0C1E665B2400BA93E6 /* Debug */,
				26A1DF0D1E665B2400BA93E6 /* Release */,
			);
			defaultConfigurationIsVisible = 0;
			defaultConfigurationName = Release;
		};
/* End XCConfigurationList section */
	};
	rootObject = 26A1DED01E665B2400BA93E6 /* Project object */;
}
